{
  "version": 4,
  "terraform_version": "1.12.1",
  "serial": 70,
  "lineage": "af61c6b7-f9e9-67fc-dd30-d650b860b497",
  "outputs": {},
  "resources": [
    {
      "mode": "data",
      "type": "azurerm_kubernetes_cluster",
      "name": "aks_data",
      "provider": "provider[\"registry.terraform.io/hashicorp/azurerm\"]",
      "instances": [
        {
          "schema_version": 0,
          "attributes": {
            "aci_connector_linux": null,
            "agent_pool_profile": [
              {
                "auto_scaling_enabled": true,
                "count": 1,
                "max_count": 15,
                "max_pods": 30,
                "min_count": 1,
                "name": "default",
                "node_labels": {},
                "node_public_ip_enabled": false,
                "node_public_ip_prefix_id": "",
                "node_taints": [],
                "orchestrator_version": "1.31",
                "os_disk_size_gb": 50,
                "os_type": "Linux",
                "tags": {},
                "type": "VirtualMachineScaleSets",
                "upgrade_settings": [
                  {
                    "drain_timeout_in_minutes": 0,
                    "max_surge": "10%",
                    "node_soak_duration_in_minutes": 0
                  }
                ],
                "vm_size": "Standard_D4_v2",
                "vnet_subnet_id": "",
                "zones": []
              }
            ],
            "api_server_authorized_ip_ranges": [],
            "azure_active_directory_role_based_access_control": [],
            "azure_policy_enabled": null,
            "current_kubernetes_version": "1.31.8",
            "disk_encryption_set_id": "",
            "dns_prefix": "myaksdns",
            "fqdn": "myaksdns-dlabyru9.hcp.westeurope.azmk8s.io",
            "http_application_routing_enabled": null,
            "http_application_routing_zone_name": null,
            "id": "/subscriptions/642dd095-927a-4bdf-9152-d4f6609d0207/resourceGroups/Dataplatform-Group-Monitoring/providers/Microsoft.ContainerService/managedClusters/my-aks-cluster",
            "identity": [
              {
                "identity_ids": [],
                "principal_id": "d87e227f-395a-4dd7-bc11-24137b4d185c",
                "tenant_id": "a9f4aef9-8df7-4cc3-99a8-e85824715025",
                "type": "SystemAssigned"
              }
            ],
            "ingress_application_gateway": null,
            "key_management_service": [],
            "key_vault_secrets_provider": null,
            "kube_admin_config": [],
            "kube_admin_config_raw": "",
            "kube_config": [
              {
                "client_certificate": "LS0tLS1CRUdJTiBDRVJUSUZJQ0FURS0tLS0tCk1JSUZIakNDQXdhZ0F3SUJBZ0lSQUk0OFM2NDBhOXNvb2RVSWkyYjZEVDB3RFFZSktvWklodmNOQVFFTEJRQXcKRFRFTE1Ba0dBMVVFQXhNQ1kyRXdIaGNOTWpVd05qRTVNVEV5TlRRMldoY05NamN3TmpFNU1URXpOVFEyV2pBdwpNUmN3RlFZRFZRUUtFdzV6ZVhOMFpXMDZiV0Z6ZEdWeWN6RVZNQk1HQTFVRUF4TU1iV0Z6ZEdWeVkyeHBaVzUwCk1JSUNJakFOQmdrcWhraUc5dzBCQVFFRkFBT0NBZzhBTUlJQ0NnS0NBZ0VBdTg0WEFNSVA4SVZicUZycDNYWXQKL3FDYXFFd2czUUlCMk5KRnZvR2RjL0FnVGVxcUtRU0RKWmFCdHV0OCtJV0RtZ2lwSDZWSnBFdFZaZWhja0FBTApsOTVWTk5UcFg3N2U0Z2lzREdTbE90UXhzaEw4Ylh1N3dvVE1OK0hPMjVVdGFMQjFVMGxHbzBYVHhZSWk2bG5nCkRoTFpWMXJiV0p4QnRzdTE1UVJMTzlHSDluVU92ajZoZ2U1VVVVY2U0L2o0eHJ5YWVuaytLWW5mM2pEZmFPL28KUkdMQ21jRFBaVFZ1MklLU1NmYXprTzNDS3hoam5MM1p2Z1MrcWVvWm55Q0VDalVDQXZPRC93L2c3WFMwSWdibgpVK1pYWmVURzlKa2plb0NoMGllbmllMGZSOE9TRWNNb3NzcU9qaHFOTmtIOEJUQlRERUY4ZUFxV1V1eXdRdUlUCkxFQ3R3Tmt4YzE2d0p1UENVTmgvUHdQRzI5Sy9MazRUb3FwRFN5SkNaYVlyVmlscVRCMEJZaHo1ck1wZ2hFdEoKdXQrdXN2S3BUS3VaNlZrUWN5NkY2MXlab3kzYU9TNkRqekErVnA1cHB0SFFmRDIxNDIzMW9HaFZRRzVScjV0bQoxWkFKZmN5VEZxUGdLb3RVdEFzOHhsbnVodUhrRVEzK3h5S3lXdXhnWkVhdWVUWXdyeW8xTXJmQm95SHB4SUVvCk8zNjVRWllYcDNrWWhwZ3RDYUVwWHQ5RGliQ0o5SEo1OTJmQ0Y1ay9ZZFEza3N0N2wxN2NheTVLdVJpc3VzSlIKYjVRZEozZ0p1SkErWm1uMVRFdGVPdkNxUGJJenhJbTFtWHdtOWk2MlI5VGFSTkQwcUVTdTc5S2lOMU1xRkV6aApNTGpsaDZqMVhrQytyWjJ5bHBCUE9lVUNBd0VBQWFOV01GUXdEZ1lEVlIwUEFRSC9CQVFEQWdXZ01CTUdBMVVkCkpRUU1NQW9HQ0NzR0FRVUZCd01DTUF3R0ExVWRFd0VCL3dRQ01BQXdId1lEVlIwakJCZ3dGb0FVUVBLNkpDODMKVEplNjB2TzdxY1FVY0o1NjVSd3dEUVlKS29aSWh2Y05BUUVMQlFBRGdnSUJBRFZXdG04TitmRUQzSGNJcFVqUgpxNzZ3T1JIY3crNjhFT2RURVVqVms5R0QzZ2REWVgyaWRvT3FrTmtISFhEQ1hDdGpOVVo3STdXdlVjdEl6Ukl1CnZ0V0JYdTZ5NGRTRzR0d2M4Tmc0eC9NMCt0VWlSS245OFpIa2h6ajgxZmFkMWJaV2J4TExVSVIrN1JHQXRHZUgKR1NJZVdtcHh2Y2tPMVVOR01TOW9FSXRIRC9yQ0d6YXFnM0pScDE4RGYvaFJnaGJyZ3o2NnRQQlJRemdSVlR5aApBbE56aEl6N08vMUVWekJsMEhZMUlOQ0FSM2FTRXBHMjV6c0N5aTM2S0RKWXdLT2JnR2lXR2VGVVd4eWhwVm5pCmFRT21kc2Qzdk9WMHJoMSs2UmdrRDlWSDc2MWEzZmV1KzMyNVB1TkFtTVdpMm1OZTR6cEZwUG0wa2NaWm1ESFEKeFJiYitMUWZZMzZ1bEFIVTFyVDZ3WmlwNFVPSnJLZ0dOeTBtZVdGb0RHNWg5bzNTTVYzNm9UMlBuWURaY3dTMApSeFkyV3dzUmZVQ0lrODBjMmpLMk9XN2lyZUVPK1BJcTNwQVNFYmtST09BY29tWFZyY3RNK0NseCt1QlcyVkxpCjdMZEFGVDVkYjQ0RUMxbkJmTU5wbFozNHo3TEV3ME5DbWVhaEdQTVpodFhJckw3ajUwczVNem1PbWZZSTl3NDgKeW92STE2V3p6cTh6ZzF2QWhlME1jZkduSHNsdFJxQ1dLUUgzUFB1NWFFVFFwTFdPQjBGR3dVRFUyZGJNWWhjYQpPSi9rb3hGeGtLdHQxdmZnRU1qVHNpWVE3WmNCUWl4eEV4czRubDhoVy9QSXMwaSs5Ti81MkcwV09Vc08zNGVUCmthM2UwN3kxNlBaZ1BkOE1XbjZldldEawotLS0tLUVORCBDRVJUSUZJQ0FURS0tLS0tCg==",
                "client_key": "LS0tLS1CRUdJTiBSU0EgUFJJVkFURSBLRVktLS0tLQpNSUlKSndJQkFBS0NBZ0VBdTg0WEFNSVA4SVZicUZycDNYWXQvcUNhcUV3ZzNRSUIyTkpGdm9HZGMvQWdUZXFxCktRU0RKWmFCdHV0OCtJV0RtZ2lwSDZWSnBFdFZaZWhja0FBTGw5NVZOTlRwWDc3ZTRnaXNER1NsT3RReHNoTDgKYlh1N3dvVE1OK0hPMjVVdGFMQjFVMGxHbzBYVHhZSWk2bG5nRGhMWlYxcmJXSnhCdHN1MTVRUkxPOUdIOW5VTwp2ajZoZ2U1VVVVY2U0L2o0eHJ5YWVuaytLWW5mM2pEZmFPL29SR0xDbWNEUFpUVnUySUtTU2ZhemtPM0NLeGhqCm5MM1p2Z1MrcWVvWm55Q0VDalVDQXZPRC93L2c3WFMwSWdiblUrWlhaZVRHOUpramVvQ2gwaWVuaWUwZlI4T1MKRWNNb3NzcU9qaHFOTmtIOEJUQlRERUY4ZUFxV1V1eXdRdUlUTEVDdHdOa3hjMTZ3SnVQQ1VOaC9Qd1BHMjlLLwpMazRUb3FwRFN5SkNaYVlyVmlscVRCMEJZaHo1ck1wZ2hFdEp1dCt1c3ZLcFRLdVo2VmtRY3k2RjYxeVpveTNhCk9TNkRqekErVnA1cHB0SFFmRDIxNDIzMW9HaFZRRzVScjV0bTFaQUpmY3lURnFQZ0tvdFV0QXM4eGxudWh1SGsKRVEzK3h5S3lXdXhnWkVhdWVUWXdyeW8xTXJmQm95SHB4SUVvTzM2NVFaWVhwM2tZaHBndENhRXBYdDlEaWJDSgo5SEo1OTJmQ0Y1ay9ZZFEza3N0N2wxN2NheTVLdVJpc3VzSlJiNVFkSjNnSnVKQStabW4xVEV0ZU92Q3FQYkl6CnhJbTFtWHdtOWk2MlI5VGFSTkQwcUVTdTc5S2lOMU1xRkV6aE1MamxoNmoxWGtDK3JaMnlscEJQT2VVQ0F3RUEKQVFLQ0FnQlFwY1NOQjhqdWdXWUYydHlZeEhvbDRQUHBGNS81S0RhQTFITXN4dDVGZmpWeElEZG9HODd4b2pzYgp3TzVPam84ZjQxNDAvN2FxL2NxelUyQUVXbkNnQzlMTk9DenJkN3lnbGhiRHo2aUFwY1NkY3JmQmtDUGwrVDcxCk5GdXZRZFZaSW9XUGVXVURFaVpKcDRPMDNWbHcwYmxSWU92V2xtdEZ3eDdlTk1UVjhEbVJwVnpxWjF6VnZmR3AKWVlBclo2djFNK0ttZTFBdGFFNmhUSjF6bzZvN1M2bkRldC9VMTJnOVEzenNsQ3N5TGxkMlNDZm1sRVJmN0F1dwpUWjRwRGo2Rlg1UDRqbmY5WE9VN015VnpnMEZ0YnZuVEFMWkxMVVBtQkR6NVVSd0tCN0NxRVpxMVUvZ3pKdmFtCm9WSkluWGRMQnlCeW4rQ0NjQkZ6bEw1d1NrTHV2ZVo1VUs3bStNbzNDajhnQm9rd3pQdlhtN1hvOVZuNlByVkIKcVFWVXBrbVorbVpTay9IR0Y3OGJQb3hodmVsU0tPdW5ZQ0tubGFVTWIwWGZaMXQxVHJ5N2U3MFNsOHAwWUwxOApaL2Fmb1dyS1NYRjZQandBalpkbTBKdkxUUy9PV0pGR2c1d2N4ZWU5dWg0bDJZbnlSZElWTVIvTmxBTnNTbXB2CmMzd0Nnc3UyYVA1L08xVVI0MlN1RFpsMkN1NkZGTytZbGJMRFhSNk40dHdkN0I1aU9nNTN6L3BCWXN0dU5EdE4KQmhkTFBRQ0FGWUtIVkdOYzg5NysxWEREMG5INEQ1ckUvL1BpMTRiZ1k0ajVqT2wrYWdkZWQ0YTNCYUYyR2NzagpWWTlobStlYWpLOVJGMC9WaFBLdy9EVTRsTmNUVnF2TUt4SzFLa2tTRkZnWVBjZXQ5UUtDQVFFQTd3V3gxZW1BCnpNdHB5YkVZT0hGNkpHNVNGeDdzbnpVYVUzSEJGTi93TERNYm5WTzNLSzlDd3pUcjNndU5RSWFKdnZjZ2tIYVgKa210RlVCV0ZNVjMyUG45ZTVIaVhyUDc5ZFRON0hDSEV5YktPM09MdzZUTXhqWDVMbjVlR0xjdVVqcjRxMjZWWQphbWhBNHJTc056UTZQdjJjZjNVazUxMVh3cXBleXZua0RXYnIwSTQ4SFRzV2N6VGFRT0FRRloxTkdxKzNOMmtqCkdqLytTZDYzcTNMV2lYK1l2WXJBcFA1cnVjQVNmaE4zZU84bzRiczhVNnppYTJYRGtYZFlJZmdRSStpQWF5VlMKMitMN0VkRVdHV3B4MDdnVmh5YkdRdlZtTDl2aTRBMzNPWkRNeEE5d3BNT3ltSWFkMUZhTEFQak5kZitITzNGegpIdkpCYUp5VG1sb2lYd0tDQVFFQXlTVVQzbTMyNjdnQkRveTZ5ZWVEL3Mzd203RmpXd2RBY2F6MWxBdzhzejlWCk5YRTM5WjVOOG1DSGtIMHJJQmZNQUR4TGNWTTZ4cjZ1ZVkzd2cvNUg1SjlCRFpxVzYwRUVraWZEdFdsUTN2aFYKbzVmL0ZWWGc1bTNNVm1ta0xOYlA4NXVMWGYwanlSK0pFd3VJT2c5Ni96MUM5RXRMYVByUVF5bGxyVDZJQldqbwpMb2VIOXdHbU9vbnFUa2Z2dmtUejFkcTNjdTFZYUoyNVl1UWMwUVpDWmR3VmtUZ1VMdUVpWFZySHdhYW1jd0kzClRQWFRZOHZvUjgxbThDaEl0OGlKQ2o3anZDZFA4VEpHN1h1YjhId3U0MUFuays0N3ZOT21vMWY1RTNPYjJYTXAKcDZ2K2JnMlpDZmUrQUF4RGJTOStJQk9BMmhta29Eb3RNVjB0TGFWeU93S0NBUUE4SDMyVkpqQXMwM25mcnZrOQpzV1djNWxjbDA3U0hjNDhVc0VkMkhjSkhDL0FGU2ZxSGRGWmh6ZDBLdEhNcWFPMGJLUVI2OGltOFBkbG9oSkZGClVySlBGRERsWFdRaHN0NUViZGVvd3VIQ0xuVDdJT2FpY2lzandVSDZlZDNaaFJ6d0x1dU81bTl3REp0TnEwNnEKY0N1NmpvYWdGUEpjZEVGUUNSVGhENnlLcG5ub3N1NXlGOXZVek5XZGZmN3R3T3lWS3QvMlF5NytPbHlYYmp0YgpGLzdaQlV5QldQYU9TaVVFeTBpYmlBQUVYbncxRTZqZ0QxdkEwZzg0ZHdHblFjT2xsS1ZBemxtaVQ5MEJwVXRlCngwU3NrZUJ3WjVOMVlrNzYrTjkvcG1PcWlqN0hqbTZ5TXp1b1hDdzFMak8yNGQ2a3NNcnVhK0llUmFlb1RjSmYKRUE4WEFvSUJBQ1VUWUlZdlhzUTBObjJvRXdZRVZxQXc5Wmk5S2NNdG93TlJEak1yemtSNytBalJ4YTdRYnkydAovVTcwdzI0MjlMTldhZEdKdGR2TWFmeWQzU2QzUjJrc3NhRUFUYkV2V3RoVjNBMGtUSFBNOG53bEdDK21sTDNrCm56V09ZMlNnYzlSRFozejduQTBHY3cyL29teVJUZXFlTUNrM2Q3N3gvRkZrNEFqKzdiT1JrcnFBNE43MnZ0MHIKYnJUZkxhRzBzLzFIUTJrN3RvQVNFb25YNGpmbEgzZ0hDVEtyVTQwUWtuVUN0cTlMT0lNYWRYY0tHTnpjU1FSegpKL1k4ZHFycG05ajNucUtmM0d4cENBbmVMdkEwODYrU3ByanR3TFVkamltdG5ZdW9VNkhSU0d4UGw2WlJlMVFMCkJrcWIrQkc0SDFkcVFPWHl0QldVbzUvbHZONGRFT0VDZ2dFQVhITklYVVpSSFg5YjBRYlNwa3RnT0FScVFlSloKeVZSOTNSMHI3TXMyK0d6bEVFelFXTkNISXBqbWtIZEVuaklDL1lJbTFxT3RsV3hMaktEczY1Q0xJMWY1YzRWbApnUnlOYTJaWHlsUGJSNzRNQlQ0WFF3cG1WalpMZTdMNWc2cVNZMmVxWldlQ0tGRVJXUmpiTmdxWWFnQ2ptVm91CnQvV2lRRGg0TzJmYmNGTm1xWmNKMTBKVjBGc20rZCtxazB3MFdBWGFURnFjYWlyQXJtSGprVEtrT0tUTm0zVmkKa0RzRWJQQ2tnOWRGNlVjU0xtWEk3QVdtaVBxcE9lTlBGaE9SVVJjZWdOSlorbFFtd3lhcTRlNlVqbFR5STVFTwpVOVh0TDFSaXdlMk9VTENKdVh6NjJZbzhhek0wczB5TjY0clNxWjFHS043b09rOGJqSEs4TXZSTytBPT0KLS0tLS1FTkQgUlNBIFBSSVZBVEUgS0VZLS0tLS0K",
                "cluster_ca_certificate": "LS0tLS1CRUdJTiBDRVJUSUZJQ0FURS0tLS0tCk1JSUU2RENDQXRDZ0F3SUJBZ0lRRks1QUord0pMaDZ5NktqQ0tmb0ZRakFOQmdrcWhraUc5dzBCQVFzRkFEQU4KTVFzd0NRWURWUVFERXdKallUQWdGdzB5TlRBMk1Ua3hNVEkxTkRaYUdBOHlNRFUxTURZeE9URXhNelUwTmxvdwpEVEVMTUFrR0ExVUVBeE1DWTJFd2dnSWlNQTBHQ1NxR1NJYjNEUUVCQVFVQUE0SUNEd0F3Z2dJS0FvSUNBUUNmCjNjT0FFS3VFZEtqV3NnSGExR3FHT3Qza3NGb0V0N0dKSE1aVVBVU3dBT1A2dXRUak5nUVlXa25OUHAycVpOK3MKRml3MHZDZjlDQW5YdUF3aVE0OEltN2k0VDd0ekxuK3ZjNFVKUE1JVGhTTVNsVy91eUtOSVlKbDZ5aXB4NTlhVQpnRDJWcUlTRXRwV1c2UWtsblBJeHpOeTU5TDRGY3dQZmJJUVJ1S0x6TG5WRGFlcUZGTHFqZk9yaDk1dWxuVHU1CkV2OG5Gcy9VNzZFUm1IeFVGcUxrNDJMZHJVYis2Q1EwY1pPR3NpUzgzd0tPVERZMG94ZVVqY01NOGx1SHFHUk4KektOK1VnYWt4UitZLzRJWUMzN3l0ZzAvNGtQd1RIUTRyUVQ0K3dCK3NGdk4zSXVFeGFpa2x0Vk9JT0tCTmMwRgpOZERQc2ZaQU5KTjVyU2NBSEthYW12OUNLRDN0RDlwOUY5TFBzV2lnbVplQUx4d1NjanNQdm1nemFTemxwMXYrCitQR2xSNlJRNEVtTVFhN1JzelhlZyt1dlNlM0R1d0RwazFIcUVSQ2QxMUhPa0FmTlJEcnhScTV5eUowU0ZvdjMKbGNsWnVsN0ZzNFJvY1oyL0JDMG9LMUl0aFErOC9YUW13UkJPUEZsemE0THVjenBoL25OVS9aM09JNWUya2ZJeAplM2dJRWZQQXZ4V2hOWW5KR2RXUi9YcEMzSEorbU9FWTNBWndBSE1VdDNkTjBlQVcyU0xTbGNjUlUxckdpRG1jClNhdmN3cW1VOTdPWlR4aTdsVFRVUWx5Zlc3QitzbXBnYjM5RUpxUm5VL2tpSVRURjg2L25RaVJxUTJHRmU1MXgKTmlBby9Qd3BwOWxpRGlycWFKeW9VdHpiaThQbUp1RDVWVFkwaFdxczl3SURBUUFCbzBJd1FEQU9CZ05WSFE4QgpBZjhFQkFNQ0FxUXdEd1lEVlIwVEFRSC9CQVV3QXdFQi96QWRCZ05WSFE0RUZnUVVRUEs2SkM4M1RKZTYwdk83CnFjUVVjSjU2NVJ3d0RRWUpLb1pJaHZjTkFRRUxCUUFEZ2dJQkFFK1RSRWkxa0p0V1VjdCtaTVpwWjhIWCtiM1EKSWxuanYwbnNnUzA2bDZPQkpGTWRUODd6RldNNEZpb1BYNUxGbDZET2F2ZjFZaUtPOXNTUXBOTWtSeEdjL1pXUQpuaW5Rc0RzOHV4a0pHMGJLVnNXUU5UQ3plZVVJVlF6Zi83VlVLdjlqVGxRQWphYUN6M2QzMTNVb2c2YnVzNHlPCitnMEtBMkRDbWdEazdTcDAweXM2TXJrYmdZYjFWVTJKN3BSMUh4Rm5kaUNEeUl1cUpFMkphWVpjZnpVVmhkZUMKQndGSllaSE96VlhkOW0rY01oZnlVTnJzTXViL0F4QytPL3ZDTXhzN1FNRHBSS1RIa09kc0VMN2hsclZtSlNiUgoyenNOSHpCYjlaODczL2RteDk0TnI5SEViZmxDTjRRY3gycUoyRllNQk1DTVU1NmRXNGJBcTZtUVJwM0prK3lWCkVtMThKcXhwazB3a21QUVUzNUF0TGlhYVNZbkpjcUVMYTEyS08vcGNWdHBmbTNVQ0hNZVNLekNwaXF4OHBkNE0KdDMrM1NQeE92N3A0bnNkc0ZiOFVvbG1abi9jTXhtK1dnWHBRVUNCMVloME1pcjdOZGpDelM4VDFoMEhxdHpzSQpJTGl2Y1NTMlJzUW9kZG5aUFVlMmZqSm9WUVRmUGVCeGZ2VlJyL3p4d0dLVFQ4dHFiaHZmaUE0YkFTeFNUYi92ClNsd3gwcW1KampxSWpwRFU0MXArSXhER2swUjlBT1hIeEVSRi9jQWpCcEZyRjgvNGthS05qSUthSFQrc1hqb1EKWWRLMnNMdXU2eDRPTjFxci82TDVyVk9CalNOakVBVjltcXFLZmUvQXNQVjloT214b2pTc2VhNjJscC9GMERjbQpXVVdEUXA4K3lzOTBWZTgxCi0tLS0tRU5EIENFUlRJRklDQVRFLS0tLS0K",
                "host": "https://myaksdns-dlabyru9.hcp.westeurope.azmk8s.io:443",
                "password": "50na0u3qty23zfqe6vtdipy0a8omo69jojukagfw1kbr33rf2l3txoc2yj2gx0uw818263qhkss0tjovbtjhuxo50hqmucor65a8c8co5zj2231hbyepig0jl40ehfs6",
                "username": "clusterUser_Dataplatform-Group-Monitoring_my-aks-cluster"
              }
            ],
            "kube_config_raw": "apiVersion: v1\nclusters:\n- cluster:\n    certificate-authority-data: LS0tLS1CRUdJTiBDRVJUSUZJQ0FURS0tLS0tCk1JSUU2RENDQXRDZ0F3SUJBZ0lRRks1QUord0pMaDZ5NktqQ0tmb0ZRakFOQmdrcWhraUc5dzBCQVFzRkFEQU4KTVFzd0NRWURWUVFERXdKallUQWdGdzB5TlRBMk1Ua3hNVEkxTkRaYUdBOHlNRFUxTURZeE9URXhNelUwTmxvdwpEVEVMTUFrR0ExVUVBeE1DWTJFd2dnSWlNQTBHQ1NxR1NJYjNEUUVCQVFVQUE0SUNEd0F3Z2dJS0FvSUNBUUNmCjNjT0FFS3VFZEtqV3NnSGExR3FHT3Qza3NGb0V0N0dKSE1aVVBVU3dBT1A2dXRUak5nUVlXa25OUHAycVpOK3MKRml3MHZDZjlDQW5YdUF3aVE0OEltN2k0VDd0ekxuK3ZjNFVKUE1JVGhTTVNsVy91eUtOSVlKbDZ5aXB4NTlhVQpnRDJWcUlTRXRwV1c2UWtsblBJeHpOeTU5TDRGY3dQZmJJUVJ1S0x6TG5WRGFlcUZGTHFqZk9yaDk1dWxuVHU1CkV2OG5Gcy9VNzZFUm1IeFVGcUxrNDJMZHJVYis2Q1EwY1pPR3NpUzgzd0tPVERZMG94ZVVqY01NOGx1SHFHUk4KektOK1VnYWt4UitZLzRJWUMzN3l0ZzAvNGtQd1RIUTRyUVQ0K3dCK3NGdk4zSXVFeGFpa2x0Vk9JT0tCTmMwRgpOZERQc2ZaQU5KTjVyU2NBSEthYW12OUNLRDN0RDlwOUY5TFBzV2lnbVplQUx4d1NjanNQdm1nemFTemxwMXYrCitQR2xSNlJRNEVtTVFhN1JzelhlZyt1dlNlM0R1d0RwazFIcUVSQ2QxMUhPa0FmTlJEcnhScTV5eUowU0ZvdjMKbGNsWnVsN0ZzNFJvY1oyL0JDMG9LMUl0aFErOC9YUW13UkJPUEZsemE0THVjenBoL25OVS9aM09JNWUya2ZJeAplM2dJRWZQQXZ4V2hOWW5KR2RXUi9YcEMzSEorbU9FWTNBWndBSE1VdDNkTjBlQVcyU0xTbGNjUlUxckdpRG1jClNhdmN3cW1VOTdPWlR4aTdsVFRVUWx5Zlc3QitzbXBnYjM5RUpxUm5VL2tpSVRURjg2L25RaVJxUTJHRmU1MXgKTmlBby9Qd3BwOWxpRGlycWFKeW9VdHpiaThQbUp1RDVWVFkwaFdxczl3SURBUUFCbzBJd1FEQU9CZ05WSFE4QgpBZjhFQkFNQ0FxUXdEd1lEVlIwVEFRSC9CQVV3QXdFQi96QWRCZ05WSFE0RUZnUVVRUEs2SkM4M1RKZTYwdk83CnFjUVVjSjU2NVJ3d0RRWUpLb1pJaHZjTkFRRUxCUUFEZ2dJQkFFK1RSRWkxa0p0V1VjdCtaTVpwWjhIWCtiM1EKSWxuanYwbnNnUzA2bDZPQkpGTWRUODd6RldNNEZpb1BYNUxGbDZET2F2ZjFZaUtPOXNTUXBOTWtSeEdjL1pXUQpuaW5Rc0RzOHV4a0pHMGJLVnNXUU5UQ3plZVVJVlF6Zi83VlVLdjlqVGxRQWphYUN6M2QzMTNVb2c2YnVzNHlPCitnMEtBMkRDbWdEazdTcDAweXM2TXJrYmdZYjFWVTJKN3BSMUh4Rm5kaUNEeUl1cUpFMkphWVpjZnpVVmhkZUMKQndGSllaSE96VlhkOW0rY01oZnlVTnJzTXViL0F4QytPL3ZDTXhzN1FNRHBSS1RIa09kc0VMN2hsclZtSlNiUgoyenNOSHpCYjlaODczL2RteDk0TnI5SEViZmxDTjRRY3gycUoyRllNQk1DTVU1NmRXNGJBcTZtUVJwM0prK3lWCkVtMThKcXhwazB3a21QUVUzNUF0TGlhYVNZbkpjcUVMYTEyS08vcGNWdHBmbTNVQ0hNZVNLekNwaXF4OHBkNE0KdDMrM1NQeE92N3A0bnNkc0ZiOFVvbG1abi9jTXhtK1dnWHBRVUNCMVloME1pcjdOZGpDelM4VDFoMEhxdHpzSQpJTGl2Y1NTMlJzUW9kZG5aUFVlMmZqSm9WUVRmUGVCeGZ2VlJyL3p4d0dLVFQ4dHFiaHZmaUE0YkFTeFNUYi92ClNsd3gwcW1KampxSWpwRFU0MXArSXhER2swUjlBT1hIeEVSRi9jQWpCcEZyRjgvNGthS05qSUthSFQrc1hqb1EKWWRLMnNMdXU2eDRPTjFxci82TDVyVk9CalNOakVBVjltcXFLZmUvQXNQVjloT214b2pTc2VhNjJscC9GMERjbQpXVVdEUXA4K3lzOTBWZTgxCi0tLS0tRU5EIENFUlRJRklDQVRFLS0tLS0K\n    server: https://myaksdns-dlabyru9.hcp.westeurope.azmk8s.io:443\n  name: my-aks-cluster\ncontexts:\n- context:\n    cluster: my-aks-cluster\n    user: clusterUser_Dataplatform-Group-Monitoring_my-aks-cluster\n  name: my-aks-cluster\ncurrent-context: my-aks-cluster\nkind: Config\npreferences: {}\nusers:\n- name: clusterUser_Dataplatform-Group-Monitoring_my-aks-cluster\n  user:\n    client-certificate-data: LS0tLS1CRUdJTiBDRVJUSUZJQ0FURS0tLS0tCk1JSUZIakNDQXdhZ0F3SUJBZ0lSQUk0OFM2NDBhOXNvb2RVSWkyYjZEVDB3RFFZSktvWklodmNOQVFFTEJRQXcKRFRFTE1Ba0dBMVVFQXhNQ1kyRXdIaGNOTWpVd05qRTVNVEV5TlRRMldoY05NamN3TmpFNU1URXpOVFEyV2pBdwpNUmN3RlFZRFZRUUtFdzV6ZVhOMFpXMDZiV0Z6ZEdWeWN6RVZNQk1HQTFVRUF4TU1iV0Z6ZEdWeVkyeHBaVzUwCk1JSUNJakFOQmdrcWhraUc5dzBCQVFFRkFBT0NBZzhBTUlJQ0NnS0NBZ0VBdTg0WEFNSVA4SVZicUZycDNYWXQKL3FDYXFFd2czUUlCMk5KRnZvR2RjL0FnVGVxcUtRU0RKWmFCdHV0OCtJV0RtZ2lwSDZWSnBFdFZaZWhja0FBTApsOTVWTk5UcFg3N2U0Z2lzREdTbE90UXhzaEw4Ylh1N3dvVE1OK0hPMjVVdGFMQjFVMGxHbzBYVHhZSWk2bG5nCkRoTFpWMXJiV0p4QnRzdTE1UVJMTzlHSDluVU92ajZoZ2U1VVVVY2U0L2o0eHJ5YWVuaytLWW5mM2pEZmFPL28KUkdMQ21jRFBaVFZ1MklLU1NmYXprTzNDS3hoam5MM1p2Z1MrcWVvWm55Q0VDalVDQXZPRC93L2c3WFMwSWdibgpVK1pYWmVURzlKa2plb0NoMGllbmllMGZSOE9TRWNNb3NzcU9qaHFOTmtIOEJUQlRERUY4ZUFxV1V1eXdRdUlUCkxFQ3R3Tmt4YzE2d0p1UENVTmgvUHdQRzI5Sy9MazRUb3FwRFN5SkNaYVlyVmlscVRCMEJZaHo1ck1wZ2hFdEoKdXQrdXN2S3BUS3VaNlZrUWN5NkY2MXlab3kzYU9TNkRqekErVnA1cHB0SFFmRDIxNDIzMW9HaFZRRzVScjV0bQoxWkFKZmN5VEZxUGdLb3RVdEFzOHhsbnVodUhrRVEzK3h5S3lXdXhnWkVhdWVUWXdyeW8xTXJmQm95SHB4SUVvCk8zNjVRWllYcDNrWWhwZ3RDYUVwWHQ5RGliQ0o5SEo1OTJmQ0Y1ay9ZZFEza3N0N2wxN2NheTVLdVJpc3VzSlIKYjVRZEozZ0p1SkErWm1uMVRFdGVPdkNxUGJJenhJbTFtWHdtOWk2MlI5VGFSTkQwcUVTdTc5S2lOMU1xRkV6aApNTGpsaDZqMVhrQytyWjJ5bHBCUE9lVUNBd0VBQWFOV01GUXdEZ1lEVlIwUEFRSC9CQVFEQWdXZ01CTUdBMVVkCkpRUU1NQW9HQ0NzR0FRVUZCd01DTUF3R0ExVWRFd0VCL3dRQ01BQXdId1lEVlIwakJCZ3dGb0FVUVBLNkpDODMKVEplNjB2TzdxY1FVY0o1NjVSd3dEUVlKS29aSWh2Y05BUUVMQlFBRGdnSUJBRFZXdG04TitmRUQzSGNJcFVqUgpxNzZ3T1JIY3crNjhFT2RURVVqVms5R0QzZ2REWVgyaWRvT3FrTmtISFhEQ1hDdGpOVVo3STdXdlVjdEl6Ukl1CnZ0V0JYdTZ5NGRTRzR0d2M4Tmc0eC9NMCt0VWlSS245OFpIa2h6ajgxZmFkMWJaV2J4TExVSVIrN1JHQXRHZUgKR1NJZVdtcHh2Y2tPMVVOR01TOW9FSXRIRC9yQ0d6YXFnM0pScDE4RGYvaFJnaGJyZ3o2NnRQQlJRemdSVlR5aApBbE56aEl6N08vMUVWekJsMEhZMUlOQ0FSM2FTRXBHMjV6c0N5aTM2S0RKWXdLT2JnR2lXR2VGVVd4eWhwVm5pCmFRT21kc2Qzdk9WMHJoMSs2UmdrRDlWSDc2MWEzZmV1KzMyNVB1TkFtTVdpMm1OZTR6cEZwUG0wa2NaWm1ESFEKeFJiYitMUWZZMzZ1bEFIVTFyVDZ3WmlwNFVPSnJLZ0dOeTBtZVdGb0RHNWg5bzNTTVYzNm9UMlBuWURaY3dTMApSeFkyV3dzUmZVQ0lrODBjMmpLMk9XN2lyZUVPK1BJcTNwQVNFYmtST09BY29tWFZyY3RNK0NseCt1QlcyVkxpCjdMZEFGVDVkYjQ0RUMxbkJmTU5wbFozNHo3TEV3ME5DbWVhaEdQTVpodFhJckw3ajUwczVNem1PbWZZSTl3NDgKeW92STE2V3p6cTh6ZzF2QWhlME1jZkduSHNsdFJxQ1dLUUgzUFB1NWFFVFFwTFdPQjBGR3dVRFUyZGJNWWhjYQpPSi9rb3hGeGtLdHQxdmZnRU1qVHNpWVE3WmNCUWl4eEV4czRubDhoVy9QSXMwaSs5Ti81MkcwV09Vc08zNGVUCmthM2UwN3kxNlBaZ1BkOE1XbjZldldEawotLS0tLUVORCBDRVJUSUZJQ0FURS0tLS0tCg==\n    client-key-data: LS0tLS1CRUdJTiBSU0EgUFJJVkFURSBLRVktLS0tLQpNSUlKSndJQkFBS0NBZ0VBdTg0WEFNSVA4SVZicUZycDNYWXQvcUNhcUV3ZzNRSUIyTkpGdm9HZGMvQWdUZXFxCktRU0RKWmFCdHV0OCtJV0RtZ2lwSDZWSnBFdFZaZWhja0FBTGw5NVZOTlRwWDc3ZTRnaXNER1NsT3RReHNoTDgKYlh1N3dvVE1OK0hPMjVVdGFMQjFVMGxHbzBYVHhZSWk2bG5nRGhMWlYxcmJXSnhCdHN1MTVRUkxPOUdIOW5VTwp2ajZoZ2U1VVVVY2U0L2o0eHJ5YWVuaytLWW5mM2pEZmFPL29SR0xDbWNEUFpUVnUySUtTU2ZhemtPM0NLeGhqCm5MM1p2Z1MrcWVvWm55Q0VDalVDQXZPRC93L2c3WFMwSWdiblUrWlhaZVRHOUpramVvQ2gwaWVuaWUwZlI4T1MKRWNNb3NzcU9qaHFOTmtIOEJUQlRERUY4ZUFxV1V1eXdRdUlUTEVDdHdOa3hjMTZ3SnVQQ1VOaC9Qd1BHMjlLLwpMazRUb3FwRFN5SkNaYVlyVmlscVRCMEJZaHo1ck1wZ2hFdEp1dCt1c3ZLcFRLdVo2VmtRY3k2RjYxeVpveTNhCk9TNkRqekErVnA1cHB0SFFmRDIxNDIzMW9HaFZRRzVScjV0bTFaQUpmY3lURnFQZ0tvdFV0QXM4eGxudWh1SGsKRVEzK3h5S3lXdXhnWkVhdWVUWXdyeW8xTXJmQm95SHB4SUVvTzM2NVFaWVhwM2tZaHBndENhRXBYdDlEaWJDSgo5SEo1OTJmQ0Y1ay9ZZFEza3N0N2wxN2NheTVLdVJpc3VzSlJiNVFkSjNnSnVKQStabW4xVEV0ZU92Q3FQYkl6CnhJbTFtWHdtOWk2MlI5VGFSTkQwcUVTdTc5S2lOMU1xRkV6aE1MamxoNmoxWGtDK3JaMnlscEJQT2VVQ0F3RUEKQVFLQ0FnQlFwY1NOQjhqdWdXWUYydHlZeEhvbDRQUHBGNS81S0RhQTFITXN4dDVGZmpWeElEZG9HODd4b2pzYgp3TzVPam84ZjQxNDAvN2FxL2NxelUyQUVXbkNnQzlMTk9DenJkN3lnbGhiRHo2aUFwY1NkY3JmQmtDUGwrVDcxCk5GdXZRZFZaSW9XUGVXVURFaVpKcDRPMDNWbHcwYmxSWU92V2xtdEZ3eDdlTk1UVjhEbVJwVnpxWjF6VnZmR3AKWVlBclo2djFNK0ttZTFBdGFFNmhUSjF6bzZvN1M2bkRldC9VMTJnOVEzenNsQ3N5TGxkMlNDZm1sRVJmN0F1dwpUWjRwRGo2Rlg1UDRqbmY5WE9VN015VnpnMEZ0YnZuVEFMWkxMVVBtQkR6NVVSd0tCN0NxRVpxMVUvZ3pKdmFtCm9WSkluWGRMQnlCeW4rQ0NjQkZ6bEw1d1NrTHV2ZVo1VUs3bStNbzNDajhnQm9rd3pQdlhtN1hvOVZuNlByVkIKcVFWVXBrbVorbVpTay9IR0Y3OGJQb3hodmVsU0tPdW5ZQ0tubGFVTWIwWGZaMXQxVHJ5N2U3MFNsOHAwWUwxOApaL2Fmb1dyS1NYRjZQandBalpkbTBKdkxUUy9PV0pGR2c1d2N4ZWU5dWg0bDJZbnlSZElWTVIvTmxBTnNTbXB2CmMzd0Nnc3UyYVA1L08xVVI0MlN1RFpsMkN1NkZGTytZbGJMRFhSNk40dHdkN0I1aU9nNTN6L3BCWXN0dU5EdE4KQmhkTFBRQ0FGWUtIVkdOYzg5NysxWEREMG5INEQ1ckUvL1BpMTRiZ1k0ajVqT2wrYWdkZWQ0YTNCYUYyR2NzagpWWTlobStlYWpLOVJGMC9WaFBLdy9EVTRsTmNUVnF2TUt4SzFLa2tTRkZnWVBjZXQ5UUtDQVFFQTd3V3gxZW1BCnpNdHB5YkVZT0hGNkpHNVNGeDdzbnpVYVUzSEJGTi93TERNYm5WTzNLSzlDd3pUcjNndU5RSWFKdnZjZ2tIYVgKa210RlVCV0ZNVjMyUG45ZTVIaVhyUDc5ZFRON0hDSEV5YktPM09MdzZUTXhqWDVMbjVlR0xjdVVqcjRxMjZWWQphbWhBNHJTc056UTZQdjJjZjNVazUxMVh3cXBleXZua0RXYnIwSTQ4SFRzV2N6VGFRT0FRRloxTkdxKzNOMmtqCkdqLytTZDYzcTNMV2lYK1l2WXJBcFA1cnVjQVNmaE4zZU84bzRiczhVNnppYTJYRGtYZFlJZmdRSStpQWF5VlMKMitMN0VkRVdHV3B4MDdnVmh5YkdRdlZtTDl2aTRBMzNPWkRNeEE5d3BNT3ltSWFkMUZhTEFQak5kZitITzNGegpIdkpCYUp5VG1sb2lYd0tDQVFFQXlTVVQzbTMyNjdnQkRveTZ5ZWVEL3Mzd203RmpXd2RBY2F6MWxBdzhzejlWCk5YRTM5WjVOOG1DSGtIMHJJQmZNQUR4TGNWTTZ4cjZ1ZVkzd2cvNUg1SjlCRFpxVzYwRUVraWZEdFdsUTN2aFYKbzVmL0ZWWGc1bTNNVm1ta0xOYlA4NXVMWGYwanlSK0pFd3VJT2c5Ni96MUM5RXRMYVByUVF5bGxyVDZJQldqbwpMb2VIOXdHbU9vbnFUa2Z2dmtUejFkcTNjdTFZYUoyNVl1UWMwUVpDWmR3VmtUZ1VMdUVpWFZySHdhYW1jd0kzClRQWFRZOHZvUjgxbThDaEl0OGlKQ2o3anZDZFA4VEpHN1h1YjhId3U0MUFuays0N3ZOT21vMWY1RTNPYjJYTXAKcDZ2K2JnMlpDZmUrQUF4RGJTOStJQk9BMmhta29Eb3RNVjB0TGFWeU93S0NBUUE4SDMyVkpqQXMwM25mcnZrOQpzV1djNWxjbDA3U0hjNDhVc0VkMkhjSkhDL0FGU2ZxSGRGWmh6ZDBLdEhNcWFPMGJLUVI2OGltOFBkbG9oSkZGClVySlBGRERsWFdRaHN0NUViZGVvd3VIQ0xuVDdJT2FpY2lzandVSDZlZDNaaFJ6d0x1dU81bTl3REp0TnEwNnEKY0N1NmpvYWdGUEpjZEVGUUNSVGhENnlLcG5ub3N1NXlGOXZVek5XZGZmN3R3T3lWS3QvMlF5NytPbHlYYmp0YgpGLzdaQlV5QldQYU9TaVVFeTBpYmlBQUVYbncxRTZqZ0QxdkEwZzg0ZHdHblFjT2xsS1ZBemxtaVQ5MEJwVXRlCngwU3NrZUJ3WjVOMVlrNzYrTjkvcG1PcWlqN0hqbTZ5TXp1b1hDdzFMak8yNGQ2a3NNcnVhK0llUmFlb1RjSmYKRUE4WEFvSUJBQ1VUWUlZdlhzUTBObjJvRXdZRVZxQXc5Wmk5S2NNdG93TlJEak1yemtSNytBalJ4YTdRYnkydAovVTcwdzI0MjlMTldhZEdKdGR2TWFmeWQzU2QzUjJrc3NhRUFUYkV2V3RoVjNBMGtUSFBNOG53bEdDK21sTDNrCm56V09ZMlNnYzlSRFozejduQTBHY3cyL29teVJUZXFlTUNrM2Q3N3gvRkZrNEFqKzdiT1JrcnFBNE43MnZ0MHIKYnJUZkxhRzBzLzFIUTJrN3RvQVNFb25YNGpmbEgzZ0hDVEtyVTQwUWtuVUN0cTlMT0lNYWRYY0tHTnpjU1FSegpKL1k4ZHFycG05ajNucUtmM0d4cENBbmVMdkEwODYrU3ByanR3TFVkamltdG5ZdW9VNkhSU0d4UGw2WlJlMVFMCkJrcWIrQkc0SDFkcVFPWHl0QldVbzUvbHZONGRFT0VDZ2dFQVhITklYVVpSSFg5YjBRYlNwa3RnT0FScVFlSloKeVZSOTNSMHI3TXMyK0d6bEVFelFXTkNISXBqbWtIZEVuaklDL1lJbTFxT3RsV3hMaktEczY1Q0xJMWY1YzRWbApnUnlOYTJaWHlsUGJSNzRNQlQ0WFF3cG1WalpMZTdMNWc2cVNZMmVxWldlQ0tGRVJXUmpiTmdxWWFnQ2ptVm91CnQvV2lRRGg0TzJmYmNGTm1xWmNKMTBKVjBGc20rZCtxazB3MFdBWGFURnFjYWlyQXJtSGprVEtrT0tUTm0zVmkKa0RzRWJQQ2tnOWRGNlVjU0xtWEk3QVdtaVBxcE9lTlBGaE9SVVJjZWdOSlorbFFtd3lhcTRlNlVqbFR5STVFTwpVOVh0TDFSaXdlMk9VTENKdVh6NjJZbzhhek0wczB5TjY0clNxWjFHS043b09rOGJqSEs4TXZSTytBPT0KLS0tLS1FTkQgUlNBIFBSSVZBVEUgS0VZLS0tLS0K\n    token: 50na0u3qty23zfqe6vtdipy0a8omo69jojukagfw1kbr33rf2l3txoc2yj2gx0uw818263qhkss0tjovbtjhuxo50hqmucor65a8c8co5zj2231hbyepig0jl40ehfs6\n",
            "kubelet_identity": [
              {
                "client_id": "c7a52ed4-bfa7-4829-afd8-39dc2b420c64",
                "object_id": "600409f8-a6d5-450a-a4d4-553e9614b31a",
                "user_assigned_identity_id": "/subscriptions/642dd095-927a-4bdf-9152-d4f6609d0207/resourceGroups/MC_Dataplatform-Group-Monitoring_my-aks-cluster_westeurope/providers/Microsoft.ManagedIdentity/userAssignedIdentities/my-aks-cluster-agentpool"
              }
            ],
            "kubernetes_version": "1.31",
            "linux_profile": [
              {
                "admin_username": "",
                "ssh_key": []
              }
            ],
            "location": "westeurope",
            "microsoft_defender": [],
            "name": "my-aks-cluster",
            "network_profile": [
              {
                "dns_service_ip": "10.0.0.10",
                "docker_bridge_cidr": "",
                "load_balancer_sku": "standard",
                "network_plugin": "azure",
                "network_policy": "none",
                "pod_cidr": "",
                "service_cidr": "10.0.0.0/16"
              }
            ],
            "node_resource_group": "MC_Dataplatform-Group-Monitoring_my-aks-cluster_westeurope",
            "node_resource_group_id": "/subscriptions/642dd095-927a-4bdf-9152-d4f6609d0207/resourceGroups/MC_Dataplatform-Group-Monitoring_my-aks-cluster_westeurope",
            "oidc_issuer_enabled": true,
            "oidc_issuer_url": "https://westeurope.oic.prod-aks.azure.com/a9f4aef9-8df7-4cc3-99a8-e85824715025/cb7dd4d7-8fa8-41a5-b928-4daff507dfad/",
            "oms_agent": null,
            "open_service_mesh_enabled": null,
            "private_cluster_enabled": null,
            "private_fqdn": "",
            "resource_group_name": "Dataplatform-Group-Monitoring",
            "role_based_access_control_enabled": true,
            "service_mesh_profile": [],
            "service_principal": [
              {
                "client_id": "msi"
              }
            ],
            "storage_profile": [
              {
                "blob_driver_enabled": false,
                "disk_driver_enabled": true,
                "file_driver_enabled": true,
                "snapshot_controller_enabled": true
              }
            ],
            "tags": {
              "Environment": "dev"
            },
            "timeouts": null,
            "windows_profile": [
              {
                "admin_username": "azureuser"
              }
            ]
          },
          "sensitive_attributes": [
            [
              {
                "type": "get_attr",
                "value": "kube_admin_config"
              }
            ],
            [
              {
                "type": "get_attr",
                "value": "kube_admin_config_raw"
              }
            ],
            [
              {
                "type": "get_attr",
                "value": "kube_config"
              }
            ],
            [
              {
                "type": "get_attr",
                "value": "kube_config_raw"
              }
            ]
          ],
          "identity_schema_version": 0
        }
      ]
    },
    {
      "mode": "data",
      "type": "azurerm_resource_group",
      "name": "main",
      "provider": "provider[\"registry.terraform.io/hashicorp/azurerm\"]",
      "instances": [
        {
          "schema_version": 0,
          "attributes": {
            "id": "/subscriptions/642dd095-927a-4bdf-9152-d4f6609d0207/resourceGroups/Dataplatform-Group-Monitoring",
            "location": "westeurope",
            "managed_by": "",
            "name": "Dataplatform-Group-Monitoring",
            "tags": {},
            "timeouts": null
          },
          "sensitive_attributes": [],
          "identity_schema_version": 0
        }
      ]
    },
    {
      "mode": "managed",
      "type": "azurerm_kubernetes_cluster",
      "name": "aks",
      "provider": "provider[\"registry.terraform.io/hashicorp/azurerm\"]",
      "instances": [
        {
          "schema_version": 2,
          "attributes": {
            "aci_connector_linux": [],
            "api_server_access_profile": [],
            "auto_scaler_profile": [
              {
                "balance_similar_node_groups": false,
                "daemonset_eviction_for_empty_nodes_enabled": false,
                "daemonset_eviction_for_occupied_nodes_enabled": true,
                "empty_bulk_delete_max": "10",
                "expander": "random",
                "ignore_daemonsets_utilization_enabled": false,
                "max_graceful_termination_sec": "600",
                "max_node_provisioning_time": "15m",
                "max_unready_nodes": 3,
                "max_unready_percentage": 45,
                "new_pod_scale_up_delay": "0s",
                "scale_down_delay_after_add": "10m",
                "scale_down_delay_after_delete": "10s",
                "scale_down_delay_after_failure": "3m",
                "scale_down_unneeded": "10m",
                "scale_down_unready": "20m",
                "scale_down_utilization_threshold": "0.5",
                "scan_interval": "10s",
                "skip_nodes_with_local_storage": false,
                "skip_nodes_with_system_pods": true
              }
            ],
            "automatic_upgrade_channel": "",
            "azure_active_directory_role_based_access_control": [],
            "azure_policy_enabled": null,
            "confidential_computing": [],
            "cost_analysis_enabled": false,
            "current_kubernetes_version": "1.31.8",
            "default_node_pool": [
              {
                "auto_scaling_enabled": true,
                "capacity_reservation_group_id": "",
                "fips_enabled": false,
                "gpu_instance": "",
                "host_encryption_enabled": false,
                "host_group_id": "",
                "kubelet_config": [],
                "kubelet_disk_type": "OS",
                "linux_os_config": [],
                "max_count": 15,
                "max_pods": 30,
                "min_count": 1,
                "name": "default",
                "node_count": 1,
                "node_labels": {},
                "node_network_profile": [],
                "node_public_ip_enabled": false,
                "node_public_ip_prefix_id": "",
                "only_critical_addons_enabled": false,
                "orchestrator_version": "1.31",
                "os_disk_size_gb": 50,
                "os_disk_type": "Managed",
                "os_sku": "Ubuntu",
                "pod_subnet_id": "",
                "proximity_placement_group_id": "",
                "scale_down_mode": "Delete",
                "snapshot_id": "",
                "tags": {},
                "temporary_name_for_rotation": "",
                "type": "VirtualMachineScaleSets",
                "ultra_ssd_enabled": false,
                "upgrade_settings": [
                  {
                    "drain_timeout_in_minutes": 0,
                    "max_surge": "10%",
                    "node_soak_duration_in_minutes": 0
                  }
                ],
                "vm_size": "Standard_D4_v2",
                "vnet_subnet_id": "",
                "workload_runtime": "",
                "zones": []
              }
            ],
            "disk_encryption_set_id": "",
            "dns_prefix": "myaksdns",
            "dns_prefix_private_cluster": "",
            "edge_zone": "",
            "fqdn": "myaksdns-dlabyru9.hcp.westeurope.azmk8s.io",
            "http_application_routing_enabled": null,
            "http_application_routing_zone_name": null,
            "http_proxy_config": [],
            "id": "/subscriptions/642dd095-927a-4bdf-9152-d4f6609d0207/resourceGroups/Dataplatform-Group-Monitoring/providers/Microsoft.ContainerService/managedClusters/my-aks-cluster",
            "identity": [
              {
                "identity_ids": [],
                "principal_id": "d87e227f-395a-4dd7-bc11-24137b4d185c",
                "tenant_id": "a9f4aef9-8df7-4cc3-99a8-e85824715025",
                "type": "SystemAssigned"
              }
            ],
            "image_cleaner_enabled": null,
            "image_cleaner_interval_hours": null,
            "ingress_application_gateway": [],
            "key_management_service": [],
            "key_vault_secrets_provider": [],
            "kube_admin_config": [],
            "kube_admin_config_raw": "",
            "kube_config": [
              {
                "client_certificate": "LS0tLS1CRUdJTiBDRVJUSUZJQ0FURS0tLS0tCk1JSUZIakNDQXdhZ0F3SUJBZ0lSQUk0OFM2NDBhOXNvb2RVSWkyYjZEVDB3RFFZSktvWklodmNOQVFFTEJRQXcKRFRFTE1Ba0dBMVVFQXhNQ1kyRXdIaGNOTWpVd05qRTVNVEV5TlRRMldoY05NamN3TmpFNU1URXpOVFEyV2pBdwpNUmN3RlFZRFZRUUtFdzV6ZVhOMFpXMDZiV0Z6ZEdWeWN6RVZNQk1HQTFVRUF4TU1iV0Z6ZEdWeVkyeHBaVzUwCk1JSUNJakFOQmdrcWhraUc5dzBCQVFFRkFBT0NBZzhBTUlJQ0NnS0NBZ0VBdTg0WEFNSVA4SVZicUZycDNYWXQKL3FDYXFFd2czUUlCMk5KRnZvR2RjL0FnVGVxcUtRU0RKWmFCdHV0OCtJV0RtZ2lwSDZWSnBFdFZaZWhja0FBTApsOTVWTk5UcFg3N2U0Z2lzREdTbE90UXhzaEw4Ylh1N3dvVE1OK0hPMjVVdGFMQjFVMGxHbzBYVHhZSWk2bG5nCkRoTFpWMXJiV0p4QnRzdTE1UVJMTzlHSDluVU92ajZoZ2U1VVVVY2U0L2o0eHJ5YWVuaytLWW5mM2pEZmFPL28KUkdMQ21jRFBaVFZ1MklLU1NmYXprTzNDS3hoam5MM1p2Z1MrcWVvWm55Q0VDalVDQXZPRC93L2c3WFMwSWdibgpVK1pYWmVURzlKa2plb0NoMGllbmllMGZSOE9TRWNNb3NzcU9qaHFOTmtIOEJUQlRERUY4ZUFxV1V1eXdRdUlUCkxFQ3R3Tmt4YzE2d0p1UENVTmgvUHdQRzI5Sy9MazRUb3FwRFN5SkNaYVlyVmlscVRCMEJZaHo1ck1wZ2hFdEoKdXQrdXN2S3BUS3VaNlZrUWN5NkY2MXlab3kzYU9TNkRqekErVnA1cHB0SFFmRDIxNDIzMW9HaFZRRzVScjV0bQoxWkFKZmN5VEZxUGdLb3RVdEFzOHhsbnVodUhrRVEzK3h5S3lXdXhnWkVhdWVUWXdyeW8xTXJmQm95SHB4SUVvCk8zNjVRWllYcDNrWWhwZ3RDYUVwWHQ5RGliQ0o5SEo1OTJmQ0Y1ay9ZZFEza3N0N2wxN2NheTVLdVJpc3VzSlIKYjVRZEozZ0p1SkErWm1uMVRFdGVPdkNxUGJJenhJbTFtWHdtOWk2MlI5VGFSTkQwcUVTdTc5S2lOMU1xRkV6aApNTGpsaDZqMVhrQytyWjJ5bHBCUE9lVUNBd0VBQWFOV01GUXdEZ1lEVlIwUEFRSC9CQVFEQWdXZ01CTUdBMVVkCkpRUU1NQW9HQ0NzR0FRVUZCd01DTUF3R0ExVWRFd0VCL3dRQ01BQXdId1lEVlIwakJCZ3dGb0FVUVBLNkpDODMKVEplNjB2TzdxY1FVY0o1NjVSd3dEUVlKS29aSWh2Y05BUUVMQlFBRGdnSUJBRFZXdG04TitmRUQzSGNJcFVqUgpxNzZ3T1JIY3crNjhFT2RURVVqVms5R0QzZ2REWVgyaWRvT3FrTmtISFhEQ1hDdGpOVVo3STdXdlVjdEl6Ukl1CnZ0V0JYdTZ5NGRTRzR0d2M4Tmc0eC9NMCt0VWlSS245OFpIa2h6ajgxZmFkMWJaV2J4TExVSVIrN1JHQXRHZUgKR1NJZVdtcHh2Y2tPMVVOR01TOW9FSXRIRC9yQ0d6YXFnM0pScDE4RGYvaFJnaGJyZ3o2NnRQQlJRemdSVlR5aApBbE56aEl6N08vMUVWekJsMEhZMUlOQ0FSM2FTRXBHMjV6c0N5aTM2S0RKWXdLT2JnR2lXR2VGVVd4eWhwVm5pCmFRT21kc2Qzdk9WMHJoMSs2UmdrRDlWSDc2MWEzZmV1KzMyNVB1TkFtTVdpMm1OZTR6cEZwUG0wa2NaWm1ESFEKeFJiYitMUWZZMzZ1bEFIVTFyVDZ3WmlwNFVPSnJLZ0dOeTBtZVdGb0RHNWg5bzNTTVYzNm9UMlBuWURaY3dTMApSeFkyV3dzUmZVQ0lrODBjMmpLMk9XN2lyZUVPK1BJcTNwQVNFYmtST09BY29tWFZyY3RNK0NseCt1QlcyVkxpCjdMZEFGVDVkYjQ0RUMxbkJmTU5wbFozNHo3TEV3ME5DbWVhaEdQTVpodFhJckw3ajUwczVNem1PbWZZSTl3NDgKeW92STE2V3p6cTh6ZzF2QWhlME1jZkduSHNsdFJxQ1dLUUgzUFB1NWFFVFFwTFdPQjBGR3dVRFUyZGJNWWhjYQpPSi9rb3hGeGtLdHQxdmZnRU1qVHNpWVE3WmNCUWl4eEV4czRubDhoVy9QSXMwaSs5Ti81MkcwV09Vc08zNGVUCmthM2UwN3kxNlBaZ1BkOE1XbjZldldEawotLS0tLUVORCBDRVJUSUZJQ0FURS0tLS0tCg==",
                "client_key": "LS0tLS1CRUdJTiBSU0EgUFJJVkFURSBLRVktLS0tLQpNSUlKSndJQkFBS0NBZ0VBdTg0WEFNSVA4SVZicUZycDNYWXQvcUNhcUV3ZzNRSUIyTkpGdm9HZGMvQWdUZXFxCktRU0RKWmFCdHV0OCtJV0RtZ2lwSDZWSnBFdFZaZWhja0FBTGw5NVZOTlRwWDc3ZTRnaXNER1NsT3RReHNoTDgKYlh1N3dvVE1OK0hPMjVVdGFMQjFVMGxHbzBYVHhZSWk2bG5nRGhMWlYxcmJXSnhCdHN1MTVRUkxPOUdIOW5VTwp2ajZoZ2U1VVVVY2U0L2o0eHJ5YWVuaytLWW5mM2pEZmFPL29SR0xDbWNEUFpUVnUySUtTU2ZhemtPM0NLeGhqCm5MM1p2Z1MrcWVvWm55Q0VDalVDQXZPRC93L2c3WFMwSWdiblUrWlhaZVRHOUpramVvQ2gwaWVuaWUwZlI4T1MKRWNNb3NzcU9qaHFOTmtIOEJUQlRERUY4ZUFxV1V1eXdRdUlUTEVDdHdOa3hjMTZ3SnVQQ1VOaC9Qd1BHMjlLLwpMazRUb3FwRFN5SkNaYVlyVmlscVRCMEJZaHo1ck1wZ2hFdEp1dCt1c3ZLcFRLdVo2VmtRY3k2RjYxeVpveTNhCk9TNkRqekErVnA1cHB0SFFmRDIxNDIzMW9HaFZRRzVScjV0bTFaQUpmY3lURnFQZ0tvdFV0QXM4eGxudWh1SGsKRVEzK3h5S3lXdXhnWkVhdWVUWXdyeW8xTXJmQm95SHB4SUVvTzM2NVFaWVhwM2tZaHBndENhRXBYdDlEaWJDSgo5SEo1OTJmQ0Y1ay9ZZFEza3N0N2wxN2NheTVLdVJpc3VzSlJiNVFkSjNnSnVKQStabW4xVEV0ZU92Q3FQYkl6CnhJbTFtWHdtOWk2MlI5VGFSTkQwcUVTdTc5S2lOMU1xRkV6aE1MamxoNmoxWGtDK3JaMnlscEJQT2VVQ0F3RUEKQVFLQ0FnQlFwY1NOQjhqdWdXWUYydHlZeEhvbDRQUHBGNS81S0RhQTFITXN4dDVGZmpWeElEZG9HODd4b2pzYgp3TzVPam84ZjQxNDAvN2FxL2NxelUyQUVXbkNnQzlMTk9DenJkN3lnbGhiRHo2aUFwY1NkY3JmQmtDUGwrVDcxCk5GdXZRZFZaSW9XUGVXVURFaVpKcDRPMDNWbHcwYmxSWU92V2xtdEZ3eDdlTk1UVjhEbVJwVnpxWjF6VnZmR3AKWVlBclo2djFNK0ttZTFBdGFFNmhUSjF6bzZvN1M2bkRldC9VMTJnOVEzenNsQ3N5TGxkMlNDZm1sRVJmN0F1dwpUWjRwRGo2Rlg1UDRqbmY5WE9VN015VnpnMEZ0YnZuVEFMWkxMVVBtQkR6NVVSd0tCN0NxRVpxMVUvZ3pKdmFtCm9WSkluWGRMQnlCeW4rQ0NjQkZ6bEw1d1NrTHV2ZVo1VUs3bStNbzNDajhnQm9rd3pQdlhtN1hvOVZuNlByVkIKcVFWVXBrbVorbVpTay9IR0Y3OGJQb3hodmVsU0tPdW5ZQ0tubGFVTWIwWGZaMXQxVHJ5N2U3MFNsOHAwWUwxOApaL2Fmb1dyS1NYRjZQandBalpkbTBKdkxUUy9PV0pGR2c1d2N4ZWU5dWg0bDJZbnlSZElWTVIvTmxBTnNTbXB2CmMzd0Nnc3UyYVA1L08xVVI0MlN1RFpsMkN1NkZGTytZbGJMRFhSNk40dHdkN0I1aU9nNTN6L3BCWXN0dU5EdE4KQmhkTFBRQ0FGWUtIVkdOYzg5NysxWEREMG5INEQ1ckUvL1BpMTRiZ1k0ajVqT2wrYWdkZWQ0YTNCYUYyR2NzagpWWTlobStlYWpLOVJGMC9WaFBLdy9EVTRsTmNUVnF2TUt4SzFLa2tTRkZnWVBjZXQ5UUtDQVFFQTd3V3gxZW1BCnpNdHB5YkVZT0hGNkpHNVNGeDdzbnpVYVUzSEJGTi93TERNYm5WTzNLSzlDd3pUcjNndU5RSWFKdnZjZ2tIYVgKa210RlVCV0ZNVjMyUG45ZTVIaVhyUDc5ZFRON0hDSEV5YktPM09MdzZUTXhqWDVMbjVlR0xjdVVqcjRxMjZWWQphbWhBNHJTc056UTZQdjJjZjNVazUxMVh3cXBleXZua0RXYnIwSTQ4SFRzV2N6VGFRT0FRRloxTkdxKzNOMmtqCkdqLytTZDYzcTNMV2lYK1l2WXJBcFA1cnVjQVNmaE4zZU84bzRiczhVNnppYTJYRGtYZFlJZmdRSStpQWF5VlMKMitMN0VkRVdHV3B4MDdnVmh5YkdRdlZtTDl2aTRBMzNPWkRNeEE5d3BNT3ltSWFkMUZhTEFQak5kZitITzNGegpIdkpCYUp5VG1sb2lYd0tDQVFFQXlTVVQzbTMyNjdnQkRveTZ5ZWVEL3Mzd203RmpXd2RBY2F6MWxBdzhzejlWCk5YRTM5WjVOOG1DSGtIMHJJQmZNQUR4TGNWTTZ4cjZ1ZVkzd2cvNUg1SjlCRFpxVzYwRUVraWZEdFdsUTN2aFYKbzVmL0ZWWGc1bTNNVm1ta0xOYlA4NXVMWGYwanlSK0pFd3VJT2c5Ni96MUM5RXRMYVByUVF5bGxyVDZJQldqbwpMb2VIOXdHbU9vbnFUa2Z2dmtUejFkcTNjdTFZYUoyNVl1UWMwUVpDWmR3VmtUZ1VMdUVpWFZySHdhYW1jd0kzClRQWFRZOHZvUjgxbThDaEl0OGlKQ2o3anZDZFA4VEpHN1h1YjhId3U0MUFuays0N3ZOT21vMWY1RTNPYjJYTXAKcDZ2K2JnMlpDZmUrQUF4RGJTOStJQk9BMmhta29Eb3RNVjB0TGFWeU93S0NBUUE4SDMyVkpqQXMwM25mcnZrOQpzV1djNWxjbDA3U0hjNDhVc0VkMkhjSkhDL0FGU2ZxSGRGWmh6ZDBLdEhNcWFPMGJLUVI2OGltOFBkbG9oSkZGClVySlBGRERsWFdRaHN0NUViZGVvd3VIQ0xuVDdJT2FpY2lzandVSDZlZDNaaFJ6d0x1dU81bTl3REp0TnEwNnEKY0N1NmpvYWdGUEpjZEVGUUNSVGhENnlLcG5ub3N1NXlGOXZVek5XZGZmN3R3T3lWS3QvMlF5NytPbHlYYmp0YgpGLzdaQlV5QldQYU9TaVVFeTBpYmlBQUVYbncxRTZqZ0QxdkEwZzg0ZHdHblFjT2xsS1ZBemxtaVQ5MEJwVXRlCngwU3NrZUJ3WjVOMVlrNzYrTjkvcG1PcWlqN0hqbTZ5TXp1b1hDdzFMak8yNGQ2a3NNcnVhK0llUmFlb1RjSmYKRUE4WEFvSUJBQ1VUWUlZdlhzUTBObjJvRXdZRVZxQXc5Wmk5S2NNdG93TlJEak1yemtSNytBalJ4YTdRYnkydAovVTcwdzI0MjlMTldhZEdKdGR2TWFmeWQzU2QzUjJrc3NhRUFUYkV2V3RoVjNBMGtUSFBNOG53bEdDK21sTDNrCm56V09ZMlNnYzlSRFozejduQTBHY3cyL29teVJUZXFlTUNrM2Q3N3gvRkZrNEFqKzdiT1JrcnFBNE43MnZ0MHIKYnJUZkxhRzBzLzFIUTJrN3RvQVNFb25YNGpmbEgzZ0hDVEtyVTQwUWtuVUN0cTlMT0lNYWRYY0tHTnpjU1FSegpKL1k4ZHFycG05ajNucUtmM0d4cENBbmVMdkEwODYrU3ByanR3TFVkamltdG5ZdW9VNkhSU0d4UGw2WlJlMVFMCkJrcWIrQkc0SDFkcVFPWHl0QldVbzUvbHZONGRFT0VDZ2dFQVhITklYVVpSSFg5YjBRYlNwa3RnT0FScVFlSloKeVZSOTNSMHI3TXMyK0d6bEVFelFXTkNISXBqbWtIZEVuaklDL1lJbTFxT3RsV3hMaktEczY1Q0xJMWY1YzRWbApnUnlOYTJaWHlsUGJSNzRNQlQ0WFF3cG1WalpMZTdMNWc2cVNZMmVxWldlQ0tGRVJXUmpiTmdxWWFnQ2ptVm91CnQvV2lRRGg0TzJmYmNGTm1xWmNKMTBKVjBGc20rZCtxazB3MFdBWGFURnFjYWlyQXJtSGprVEtrT0tUTm0zVmkKa0RzRWJQQ2tnOWRGNlVjU0xtWEk3QVdtaVBxcE9lTlBGaE9SVVJjZWdOSlorbFFtd3lhcTRlNlVqbFR5STVFTwpVOVh0TDFSaXdlMk9VTENKdVh6NjJZbzhhek0wczB5TjY0clNxWjFHS043b09rOGJqSEs4TXZSTytBPT0KLS0tLS1FTkQgUlNBIFBSSVZBVEUgS0VZLS0tLS0K",
                "cluster_ca_certificate": "LS0tLS1CRUdJTiBDRVJUSUZJQ0FURS0tLS0tCk1JSUU2RENDQXRDZ0F3SUJBZ0lRRks1QUord0pMaDZ5NktqQ0tmb0ZRakFOQmdrcWhraUc5dzBCQVFzRkFEQU4KTVFzd0NRWURWUVFERXdKallUQWdGdzB5TlRBMk1Ua3hNVEkxTkRaYUdBOHlNRFUxTURZeE9URXhNelUwTmxvdwpEVEVMTUFrR0ExVUVBeE1DWTJFd2dnSWlNQTBHQ1NxR1NJYjNEUUVCQVFVQUE0SUNEd0F3Z2dJS0FvSUNBUUNmCjNjT0FFS3VFZEtqV3NnSGExR3FHT3Qza3NGb0V0N0dKSE1aVVBVU3dBT1A2dXRUak5nUVlXa25OUHAycVpOK3MKRml3MHZDZjlDQW5YdUF3aVE0OEltN2k0VDd0ekxuK3ZjNFVKUE1JVGhTTVNsVy91eUtOSVlKbDZ5aXB4NTlhVQpnRDJWcUlTRXRwV1c2UWtsblBJeHpOeTU5TDRGY3dQZmJJUVJ1S0x6TG5WRGFlcUZGTHFqZk9yaDk1dWxuVHU1CkV2OG5Gcy9VNzZFUm1IeFVGcUxrNDJMZHJVYis2Q1EwY1pPR3NpUzgzd0tPVERZMG94ZVVqY01NOGx1SHFHUk4KektOK1VnYWt4UitZLzRJWUMzN3l0ZzAvNGtQd1RIUTRyUVQ0K3dCK3NGdk4zSXVFeGFpa2x0Vk9JT0tCTmMwRgpOZERQc2ZaQU5KTjVyU2NBSEthYW12OUNLRDN0RDlwOUY5TFBzV2lnbVplQUx4d1NjanNQdm1nemFTemxwMXYrCitQR2xSNlJRNEVtTVFhN1JzelhlZyt1dlNlM0R1d0RwazFIcUVSQ2QxMUhPa0FmTlJEcnhScTV5eUowU0ZvdjMKbGNsWnVsN0ZzNFJvY1oyL0JDMG9LMUl0aFErOC9YUW13UkJPUEZsemE0THVjenBoL25OVS9aM09JNWUya2ZJeAplM2dJRWZQQXZ4V2hOWW5KR2RXUi9YcEMzSEorbU9FWTNBWndBSE1VdDNkTjBlQVcyU0xTbGNjUlUxckdpRG1jClNhdmN3cW1VOTdPWlR4aTdsVFRVUWx5Zlc3QitzbXBnYjM5RUpxUm5VL2tpSVRURjg2L25RaVJxUTJHRmU1MXgKTmlBby9Qd3BwOWxpRGlycWFKeW9VdHpiaThQbUp1RDVWVFkwaFdxczl3SURBUUFCbzBJd1FEQU9CZ05WSFE4QgpBZjhFQkFNQ0FxUXdEd1lEVlIwVEFRSC9CQVV3QXdFQi96QWRCZ05WSFE0RUZnUVVRUEs2SkM4M1RKZTYwdk83CnFjUVVjSjU2NVJ3d0RRWUpLb1pJaHZjTkFRRUxCUUFEZ2dJQkFFK1RSRWkxa0p0V1VjdCtaTVpwWjhIWCtiM1EKSWxuanYwbnNnUzA2bDZPQkpGTWRUODd6RldNNEZpb1BYNUxGbDZET2F2ZjFZaUtPOXNTUXBOTWtSeEdjL1pXUQpuaW5Rc0RzOHV4a0pHMGJLVnNXUU5UQ3plZVVJVlF6Zi83VlVLdjlqVGxRQWphYUN6M2QzMTNVb2c2YnVzNHlPCitnMEtBMkRDbWdEazdTcDAweXM2TXJrYmdZYjFWVTJKN3BSMUh4Rm5kaUNEeUl1cUpFMkphWVpjZnpVVmhkZUMKQndGSllaSE96VlhkOW0rY01oZnlVTnJzTXViL0F4QytPL3ZDTXhzN1FNRHBSS1RIa09kc0VMN2hsclZtSlNiUgoyenNOSHpCYjlaODczL2RteDk0TnI5SEViZmxDTjRRY3gycUoyRllNQk1DTVU1NmRXNGJBcTZtUVJwM0prK3lWCkVtMThKcXhwazB3a21QUVUzNUF0TGlhYVNZbkpjcUVMYTEyS08vcGNWdHBmbTNVQ0hNZVNLekNwaXF4OHBkNE0KdDMrM1NQeE92N3A0bnNkc0ZiOFVvbG1abi9jTXhtK1dnWHBRVUNCMVloME1pcjdOZGpDelM4VDFoMEhxdHpzSQpJTGl2Y1NTMlJzUW9kZG5aUFVlMmZqSm9WUVRmUGVCeGZ2VlJyL3p4d0dLVFQ4dHFiaHZmaUE0YkFTeFNUYi92ClNsd3gwcW1KampxSWpwRFU0MXArSXhER2swUjlBT1hIeEVSRi9jQWpCcEZyRjgvNGthS05qSUthSFQrc1hqb1EKWWRLMnNMdXU2eDRPTjFxci82TDVyVk9CalNOakVBVjltcXFLZmUvQXNQVjloT214b2pTc2VhNjJscC9GMERjbQpXVVdEUXA4K3lzOTBWZTgxCi0tLS0tRU5EIENFUlRJRklDQVRFLS0tLS0K",
                "host": "https://myaksdns-dlabyru9.hcp.westeurope.azmk8s.io:443",
                "password": "50na0u3qty23zfqe6vtdipy0a8omo69jojukagfw1kbr33rf2l3txoc2yj2gx0uw818263qhkss0tjovbtjhuxo50hqmucor65a8c8co5zj2231hbyepig0jl40ehfs6",
                "username": "clusterUser_Dataplatform-Group-Monitoring_my-aks-cluster"
              }
            ],
            "kube_config_raw": "apiVersion: v1\nclusters:\n- cluster:\n    certificate-authority-data: LS0tLS1CRUdJTiBDRVJUSUZJQ0FURS0tLS0tCk1JSUU2RENDQXRDZ0F3SUJBZ0lRRks1QUord0pMaDZ5NktqQ0tmb0ZRakFOQmdrcWhraUc5dzBCQVFzRkFEQU4KTVFzd0NRWURWUVFERXdKallUQWdGdzB5TlRBMk1Ua3hNVEkxTkRaYUdBOHlNRFUxTURZeE9URXhNelUwTmxvdwpEVEVMTUFrR0ExVUVBeE1DWTJFd2dnSWlNQTBHQ1NxR1NJYjNEUUVCQVFVQUE0SUNEd0F3Z2dJS0FvSUNBUUNmCjNjT0FFS3VFZEtqV3NnSGExR3FHT3Qza3NGb0V0N0dKSE1aVVBVU3dBT1A2dXRUak5nUVlXa25OUHAycVpOK3MKRml3MHZDZjlDQW5YdUF3aVE0OEltN2k0VDd0ekxuK3ZjNFVKUE1JVGhTTVNsVy91eUtOSVlKbDZ5aXB4NTlhVQpnRDJWcUlTRXRwV1c2UWtsblBJeHpOeTU5TDRGY3dQZmJJUVJ1S0x6TG5WRGFlcUZGTHFqZk9yaDk1dWxuVHU1CkV2OG5Gcy9VNzZFUm1IeFVGcUxrNDJMZHJVYis2Q1EwY1pPR3NpUzgzd0tPVERZMG94ZVVqY01NOGx1SHFHUk4KektOK1VnYWt4UitZLzRJWUMzN3l0ZzAvNGtQd1RIUTRyUVQ0K3dCK3NGdk4zSXVFeGFpa2x0Vk9JT0tCTmMwRgpOZERQc2ZaQU5KTjVyU2NBSEthYW12OUNLRDN0RDlwOUY5TFBzV2lnbVplQUx4d1NjanNQdm1nemFTemxwMXYrCitQR2xSNlJRNEVtTVFhN1JzelhlZyt1dlNlM0R1d0RwazFIcUVSQ2QxMUhPa0FmTlJEcnhScTV5eUowU0ZvdjMKbGNsWnVsN0ZzNFJvY1oyL0JDMG9LMUl0aFErOC9YUW13UkJPUEZsemE0THVjenBoL25OVS9aM09JNWUya2ZJeAplM2dJRWZQQXZ4V2hOWW5KR2RXUi9YcEMzSEorbU9FWTNBWndBSE1VdDNkTjBlQVcyU0xTbGNjUlUxckdpRG1jClNhdmN3cW1VOTdPWlR4aTdsVFRVUWx5Zlc3QitzbXBnYjM5RUpxUm5VL2tpSVRURjg2L25RaVJxUTJHRmU1MXgKTmlBby9Qd3BwOWxpRGlycWFKeW9VdHpiaThQbUp1RDVWVFkwaFdxczl3SURBUUFCbzBJd1FEQU9CZ05WSFE4QgpBZjhFQkFNQ0FxUXdEd1lEVlIwVEFRSC9CQVV3QXdFQi96QWRCZ05WSFE0RUZnUVVRUEs2SkM4M1RKZTYwdk83CnFjUVVjSjU2NVJ3d0RRWUpLb1pJaHZjTkFRRUxCUUFEZ2dJQkFFK1RSRWkxa0p0V1VjdCtaTVpwWjhIWCtiM1EKSWxuanYwbnNnUzA2bDZPQkpGTWRUODd6RldNNEZpb1BYNUxGbDZET2F2ZjFZaUtPOXNTUXBOTWtSeEdjL1pXUQpuaW5Rc0RzOHV4a0pHMGJLVnNXUU5UQ3plZVVJVlF6Zi83VlVLdjlqVGxRQWphYUN6M2QzMTNVb2c2YnVzNHlPCitnMEtBMkRDbWdEazdTcDAweXM2TXJrYmdZYjFWVTJKN3BSMUh4Rm5kaUNEeUl1cUpFMkphWVpjZnpVVmhkZUMKQndGSllaSE96VlhkOW0rY01oZnlVTnJzTXViL0F4QytPL3ZDTXhzN1FNRHBSS1RIa09kc0VMN2hsclZtSlNiUgoyenNOSHpCYjlaODczL2RteDk0TnI5SEViZmxDTjRRY3gycUoyRllNQk1DTVU1NmRXNGJBcTZtUVJwM0prK3lWCkVtMThKcXhwazB3a21QUVUzNUF0TGlhYVNZbkpjcUVMYTEyS08vcGNWdHBmbTNVQ0hNZVNLekNwaXF4OHBkNE0KdDMrM1NQeE92N3A0bnNkc0ZiOFVvbG1abi9jTXhtK1dnWHBRVUNCMVloME1pcjdOZGpDelM4VDFoMEhxdHpzSQpJTGl2Y1NTMlJzUW9kZG5aUFVlMmZqSm9WUVRmUGVCeGZ2VlJyL3p4d0dLVFQ4dHFiaHZmaUE0YkFTeFNUYi92ClNsd3gwcW1KampxSWpwRFU0MXArSXhER2swUjlBT1hIeEVSRi9jQWpCcEZyRjgvNGthS05qSUthSFQrc1hqb1EKWWRLMnNMdXU2eDRPTjFxci82TDVyVk9CalNOakVBVjltcXFLZmUvQXNQVjloT214b2pTc2VhNjJscC9GMERjbQpXVVdEUXA4K3lzOTBWZTgxCi0tLS0tRU5EIENFUlRJRklDQVRFLS0tLS0K\n    server: https://myaksdns-dlabyru9.hcp.westeurope.azmk8s.io:443\n  name: my-aks-cluster\ncontexts:\n- context:\n    cluster: my-aks-cluster\n    user: clusterUser_Dataplatform-Group-Monitoring_my-aks-cluster\n  name: my-aks-cluster\ncurrent-context: my-aks-cluster\nkind: Config\npreferences: {}\nusers:\n- name: clusterUser_Dataplatform-Group-Monitoring_my-aks-cluster\n  user:\n    client-certificate-data: LS0tLS1CRUdJTiBDRVJUSUZJQ0FURS0tLS0tCk1JSUZIakNDQXdhZ0F3SUJBZ0lSQUk0OFM2NDBhOXNvb2RVSWkyYjZEVDB3RFFZSktvWklodmNOQVFFTEJRQXcKRFRFTE1Ba0dBMVVFQXhNQ1kyRXdIaGNOTWpVd05qRTVNVEV5TlRRMldoY05NamN3TmpFNU1URXpOVFEyV2pBdwpNUmN3RlFZRFZRUUtFdzV6ZVhOMFpXMDZiV0Z6ZEdWeWN6RVZNQk1HQTFVRUF4TU1iV0Z6ZEdWeVkyeHBaVzUwCk1JSUNJakFOQmdrcWhraUc5dzBCQVFFRkFBT0NBZzhBTUlJQ0NnS0NBZ0VBdTg0WEFNSVA4SVZicUZycDNYWXQKL3FDYXFFd2czUUlCMk5KRnZvR2RjL0FnVGVxcUtRU0RKWmFCdHV0OCtJV0RtZ2lwSDZWSnBFdFZaZWhja0FBTApsOTVWTk5UcFg3N2U0Z2lzREdTbE90UXhzaEw4Ylh1N3dvVE1OK0hPMjVVdGFMQjFVMGxHbzBYVHhZSWk2bG5nCkRoTFpWMXJiV0p4QnRzdTE1UVJMTzlHSDluVU92ajZoZ2U1VVVVY2U0L2o0eHJ5YWVuaytLWW5mM2pEZmFPL28KUkdMQ21jRFBaVFZ1MklLU1NmYXprTzNDS3hoam5MM1p2Z1MrcWVvWm55Q0VDalVDQXZPRC93L2c3WFMwSWdibgpVK1pYWmVURzlKa2plb0NoMGllbmllMGZSOE9TRWNNb3NzcU9qaHFOTmtIOEJUQlRERUY4ZUFxV1V1eXdRdUlUCkxFQ3R3Tmt4YzE2d0p1UENVTmgvUHdQRzI5Sy9MazRUb3FwRFN5SkNaYVlyVmlscVRCMEJZaHo1ck1wZ2hFdEoKdXQrdXN2S3BUS3VaNlZrUWN5NkY2MXlab3kzYU9TNkRqekErVnA1cHB0SFFmRDIxNDIzMW9HaFZRRzVScjV0bQoxWkFKZmN5VEZxUGdLb3RVdEFzOHhsbnVodUhrRVEzK3h5S3lXdXhnWkVhdWVUWXdyeW8xTXJmQm95SHB4SUVvCk8zNjVRWllYcDNrWWhwZ3RDYUVwWHQ5RGliQ0o5SEo1OTJmQ0Y1ay9ZZFEza3N0N2wxN2NheTVLdVJpc3VzSlIKYjVRZEozZ0p1SkErWm1uMVRFdGVPdkNxUGJJenhJbTFtWHdtOWk2MlI5VGFSTkQwcUVTdTc5S2lOMU1xRkV6aApNTGpsaDZqMVhrQytyWjJ5bHBCUE9lVUNBd0VBQWFOV01GUXdEZ1lEVlIwUEFRSC9CQVFEQWdXZ01CTUdBMVVkCkpRUU1NQW9HQ0NzR0FRVUZCd01DTUF3R0ExVWRFd0VCL3dRQ01BQXdId1lEVlIwakJCZ3dGb0FVUVBLNkpDODMKVEplNjB2TzdxY1FVY0o1NjVSd3dEUVlKS29aSWh2Y05BUUVMQlFBRGdnSUJBRFZXdG04TitmRUQzSGNJcFVqUgpxNzZ3T1JIY3crNjhFT2RURVVqVms5R0QzZ2REWVgyaWRvT3FrTmtISFhEQ1hDdGpOVVo3STdXdlVjdEl6Ukl1CnZ0V0JYdTZ5NGRTRzR0d2M4Tmc0eC9NMCt0VWlSS245OFpIa2h6ajgxZmFkMWJaV2J4TExVSVIrN1JHQXRHZUgKR1NJZVdtcHh2Y2tPMVVOR01TOW9FSXRIRC9yQ0d6YXFnM0pScDE4RGYvaFJnaGJyZ3o2NnRQQlJRemdSVlR5aApBbE56aEl6N08vMUVWekJsMEhZMUlOQ0FSM2FTRXBHMjV6c0N5aTM2S0RKWXdLT2JnR2lXR2VGVVd4eWhwVm5pCmFRT21kc2Qzdk9WMHJoMSs2UmdrRDlWSDc2MWEzZmV1KzMyNVB1TkFtTVdpMm1OZTR6cEZwUG0wa2NaWm1ESFEKeFJiYitMUWZZMzZ1bEFIVTFyVDZ3WmlwNFVPSnJLZ0dOeTBtZVdGb0RHNWg5bzNTTVYzNm9UMlBuWURaY3dTMApSeFkyV3dzUmZVQ0lrODBjMmpLMk9XN2lyZUVPK1BJcTNwQVNFYmtST09BY29tWFZyY3RNK0NseCt1QlcyVkxpCjdMZEFGVDVkYjQ0RUMxbkJmTU5wbFozNHo3TEV3ME5DbWVhaEdQTVpodFhJckw3ajUwczVNem1PbWZZSTl3NDgKeW92STE2V3p6cTh6ZzF2QWhlME1jZkduSHNsdFJxQ1dLUUgzUFB1NWFFVFFwTFdPQjBGR3dVRFUyZGJNWWhjYQpPSi9rb3hGeGtLdHQxdmZnRU1qVHNpWVE3WmNCUWl4eEV4czRubDhoVy9QSXMwaSs5Ti81MkcwV09Vc08zNGVUCmthM2UwN3kxNlBaZ1BkOE1XbjZldldEawotLS0tLUVORCBDRVJUSUZJQ0FURS0tLS0tCg==\n    client-key-data: LS0tLS1CRUdJTiBSU0EgUFJJVkFURSBLRVktLS0tLQpNSUlKSndJQkFBS0NBZ0VBdTg0WEFNSVA4SVZicUZycDNYWXQvcUNhcUV3ZzNRSUIyTkpGdm9HZGMvQWdUZXFxCktRU0RKWmFCdHV0OCtJV0RtZ2lwSDZWSnBFdFZaZWhja0FBTGw5NVZOTlRwWDc3ZTRnaXNER1NsT3RReHNoTDgKYlh1N3dvVE1OK0hPMjVVdGFMQjFVMGxHbzBYVHhZSWk2bG5nRGhMWlYxcmJXSnhCdHN1MTVRUkxPOUdIOW5VTwp2ajZoZ2U1VVVVY2U0L2o0eHJ5YWVuaytLWW5mM2pEZmFPL29SR0xDbWNEUFpUVnUySUtTU2ZhemtPM0NLeGhqCm5MM1p2Z1MrcWVvWm55Q0VDalVDQXZPRC93L2c3WFMwSWdiblUrWlhaZVRHOUpramVvQ2gwaWVuaWUwZlI4T1MKRWNNb3NzcU9qaHFOTmtIOEJUQlRERUY4ZUFxV1V1eXdRdUlUTEVDdHdOa3hjMTZ3SnVQQ1VOaC9Qd1BHMjlLLwpMazRUb3FwRFN5SkNaYVlyVmlscVRCMEJZaHo1ck1wZ2hFdEp1dCt1c3ZLcFRLdVo2VmtRY3k2RjYxeVpveTNhCk9TNkRqekErVnA1cHB0SFFmRDIxNDIzMW9HaFZRRzVScjV0bTFaQUpmY3lURnFQZ0tvdFV0QXM4eGxudWh1SGsKRVEzK3h5S3lXdXhnWkVhdWVUWXdyeW8xTXJmQm95SHB4SUVvTzM2NVFaWVhwM2tZaHBndENhRXBYdDlEaWJDSgo5SEo1OTJmQ0Y1ay9ZZFEza3N0N2wxN2NheTVLdVJpc3VzSlJiNVFkSjNnSnVKQStabW4xVEV0ZU92Q3FQYkl6CnhJbTFtWHdtOWk2MlI5VGFSTkQwcUVTdTc5S2lOMU1xRkV6aE1MamxoNmoxWGtDK3JaMnlscEJQT2VVQ0F3RUEKQVFLQ0FnQlFwY1NOQjhqdWdXWUYydHlZeEhvbDRQUHBGNS81S0RhQTFITXN4dDVGZmpWeElEZG9HODd4b2pzYgp3TzVPam84ZjQxNDAvN2FxL2NxelUyQUVXbkNnQzlMTk9DenJkN3lnbGhiRHo2aUFwY1NkY3JmQmtDUGwrVDcxCk5GdXZRZFZaSW9XUGVXVURFaVpKcDRPMDNWbHcwYmxSWU92V2xtdEZ3eDdlTk1UVjhEbVJwVnpxWjF6VnZmR3AKWVlBclo2djFNK0ttZTFBdGFFNmhUSjF6bzZvN1M2bkRldC9VMTJnOVEzenNsQ3N5TGxkMlNDZm1sRVJmN0F1dwpUWjRwRGo2Rlg1UDRqbmY5WE9VN015VnpnMEZ0YnZuVEFMWkxMVVBtQkR6NVVSd0tCN0NxRVpxMVUvZ3pKdmFtCm9WSkluWGRMQnlCeW4rQ0NjQkZ6bEw1d1NrTHV2ZVo1VUs3bStNbzNDajhnQm9rd3pQdlhtN1hvOVZuNlByVkIKcVFWVXBrbVorbVpTay9IR0Y3OGJQb3hodmVsU0tPdW5ZQ0tubGFVTWIwWGZaMXQxVHJ5N2U3MFNsOHAwWUwxOApaL2Fmb1dyS1NYRjZQandBalpkbTBKdkxUUy9PV0pGR2c1d2N4ZWU5dWg0bDJZbnlSZElWTVIvTmxBTnNTbXB2CmMzd0Nnc3UyYVA1L08xVVI0MlN1RFpsMkN1NkZGTytZbGJMRFhSNk40dHdkN0I1aU9nNTN6L3BCWXN0dU5EdE4KQmhkTFBRQ0FGWUtIVkdOYzg5NysxWEREMG5INEQ1ckUvL1BpMTRiZ1k0ajVqT2wrYWdkZWQ0YTNCYUYyR2NzagpWWTlobStlYWpLOVJGMC9WaFBLdy9EVTRsTmNUVnF2TUt4SzFLa2tTRkZnWVBjZXQ5UUtDQVFFQTd3V3gxZW1BCnpNdHB5YkVZT0hGNkpHNVNGeDdzbnpVYVUzSEJGTi93TERNYm5WTzNLSzlDd3pUcjNndU5RSWFKdnZjZ2tIYVgKa210RlVCV0ZNVjMyUG45ZTVIaVhyUDc5ZFRON0hDSEV5YktPM09MdzZUTXhqWDVMbjVlR0xjdVVqcjRxMjZWWQphbWhBNHJTc056UTZQdjJjZjNVazUxMVh3cXBleXZua0RXYnIwSTQ4SFRzV2N6VGFRT0FRRloxTkdxKzNOMmtqCkdqLytTZDYzcTNMV2lYK1l2WXJBcFA1cnVjQVNmaE4zZU84bzRiczhVNnppYTJYRGtYZFlJZmdRSStpQWF5VlMKMitMN0VkRVdHV3B4MDdnVmh5YkdRdlZtTDl2aTRBMzNPWkRNeEE5d3BNT3ltSWFkMUZhTEFQak5kZitITzNGegpIdkpCYUp5VG1sb2lYd0tDQVFFQXlTVVQzbTMyNjdnQkRveTZ5ZWVEL3Mzd203RmpXd2RBY2F6MWxBdzhzejlWCk5YRTM5WjVOOG1DSGtIMHJJQmZNQUR4TGNWTTZ4cjZ1ZVkzd2cvNUg1SjlCRFpxVzYwRUVraWZEdFdsUTN2aFYKbzVmL0ZWWGc1bTNNVm1ta0xOYlA4NXVMWGYwanlSK0pFd3VJT2c5Ni96MUM5RXRMYVByUVF5bGxyVDZJQldqbwpMb2VIOXdHbU9vbnFUa2Z2dmtUejFkcTNjdTFZYUoyNVl1UWMwUVpDWmR3VmtUZ1VMdUVpWFZySHdhYW1jd0kzClRQWFRZOHZvUjgxbThDaEl0OGlKQ2o3anZDZFA4VEpHN1h1YjhId3U0MUFuays0N3ZOT21vMWY1RTNPYjJYTXAKcDZ2K2JnMlpDZmUrQUF4RGJTOStJQk9BMmhta29Eb3RNVjB0TGFWeU93S0NBUUE4SDMyVkpqQXMwM25mcnZrOQpzV1djNWxjbDA3U0hjNDhVc0VkMkhjSkhDL0FGU2ZxSGRGWmh6ZDBLdEhNcWFPMGJLUVI2OGltOFBkbG9oSkZGClVySlBGRERsWFdRaHN0NUViZGVvd3VIQ0xuVDdJT2FpY2lzandVSDZlZDNaaFJ6d0x1dU81bTl3REp0TnEwNnEKY0N1NmpvYWdGUEpjZEVGUUNSVGhENnlLcG5ub3N1NXlGOXZVek5XZGZmN3R3T3lWS3QvMlF5NytPbHlYYmp0YgpGLzdaQlV5QldQYU9TaVVFeTBpYmlBQUVYbncxRTZqZ0QxdkEwZzg0ZHdHblFjT2xsS1ZBemxtaVQ5MEJwVXRlCngwU3NrZUJ3WjVOMVlrNzYrTjkvcG1PcWlqN0hqbTZ5TXp1b1hDdzFMak8yNGQ2a3NNcnVhK0llUmFlb1RjSmYKRUE4WEFvSUJBQ1VUWUlZdlhzUTBObjJvRXdZRVZxQXc5Wmk5S2NNdG93TlJEak1yemtSNytBalJ4YTdRYnkydAovVTcwdzI0MjlMTldhZEdKdGR2TWFmeWQzU2QzUjJrc3NhRUFUYkV2V3RoVjNBMGtUSFBNOG53bEdDK21sTDNrCm56V09ZMlNnYzlSRFozejduQTBHY3cyL29teVJUZXFlTUNrM2Q3N3gvRkZrNEFqKzdiT1JrcnFBNE43MnZ0MHIKYnJUZkxhRzBzLzFIUTJrN3RvQVNFb25YNGpmbEgzZ0hDVEtyVTQwUWtuVUN0cTlMT0lNYWRYY0tHTnpjU1FSegpKL1k4ZHFycG05ajNucUtmM0d4cENBbmVMdkEwODYrU3ByanR3TFVkamltdG5ZdW9VNkhSU0d4UGw2WlJlMVFMCkJrcWIrQkc0SDFkcVFPWHl0QldVbzUvbHZONGRFT0VDZ2dFQVhITklYVVpSSFg5YjBRYlNwa3RnT0FScVFlSloKeVZSOTNSMHI3TXMyK0d6bEVFelFXTkNISXBqbWtIZEVuaklDL1lJbTFxT3RsV3hMaktEczY1Q0xJMWY1YzRWbApnUnlOYTJaWHlsUGJSNzRNQlQ0WFF3cG1WalpMZTdMNWc2cVNZMmVxWldlQ0tGRVJXUmpiTmdxWWFnQ2ptVm91CnQvV2lRRGg0TzJmYmNGTm1xWmNKMTBKVjBGc20rZCtxazB3MFdBWGFURnFjYWlyQXJtSGprVEtrT0tUTm0zVmkKa0RzRWJQQ2tnOWRGNlVjU0xtWEk3QVdtaVBxcE9lTlBGaE9SVVJjZWdOSlorbFFtd3lhcTRlNlVqbFR5STVFTwpVOVh0TDFSaXdlMk9VTENKdVh6NjJZbzhhek0wczB5TjY0clNxWjFHS043b09rOGJqSEs4TXZSTytBPT0KLS0tLS1FTkQgUlNBIFBSSVZBVEUgS0VZLS0tLS0K\n    token: 50na0u3qty23zfqe6vtdipy0a8omo69jojukagfw1kbr33rf2l3txoc2yj2gx0uw818263qhkss0tjovbtjhuxo50hqmucor65a8c8co5zj2231hbyepig0jl40ehfs6\n",
            "kubelet_identity": [
              {
                "client_id": "c7a52ed4-bfa7-4829-afd8-39dc2b420c64",
                "object_id": "600409f8-a6d5-450a-a4d4-553e9614b31a",
                "user_assigned_identity_id": "/subscriptions/642dd095-927a-4bdf-9152-d4f6609d0207/resourceGroups/MC_Dataplatform-Group-Monitoring_my-aks-cluster_westeurope/providers/Microsoft.ManagedIdentity/userAssignedIdentities/my-aks-cluster-agentpool"
              }
            ],
            "kubernetes_version": "1.31",
            "linux_profile": [],
            "local_account_disabled": false,
            "location": "westeurope",
            "maintenance_window": [],
            "maintenance_window_auto_upgrade": [],
            "maintenance_window_node_os": [],
            "microsoft_defender": [],
            "monitor_metrics": [],
            "name": "my-aks-cluster",
            "network_profile": [
              {
                "dns_service_ip": "10.0.0.10",
                "ip_versions": [
                  "IPv4"
                ],
                "load_balancer_profile": [
                  {
                    "backend_pool_type": "NodeIPConfiguration",
                    "effective_outbound_ips": [
                      "/subscriptions/642dd095-927a-4bdf-9152-d4f6609d0207/resourceGroups/MC_Dataplatform-Group-Monitoring_my-aks-cluster_westeurope/providers/Microsoft.Network/publicIPAddresses/3da01f6e-9211-4f9d-92a1-34fb58b0edd0"
                    ],
                    "idle_timeout_in_minutes": 0,
                    "managed_outbound_ip_count": 1,
                    "managed_outbound_ipv6_count": 0,
                    "outbound_ip_address_ids": [],
                    "outbound_ip_prefix_ids": [],
                    "outbound_ports_allocated": 0
                  }
                ],
                "load_balancer_sku": "standard",
                "nat_gateway_profile": [],
                "network_data_plane": "azure",
                "network_mode": "",
                "network_plugin": "azure",
                "network_plugin_mode": "",
                "network_policy": "",
                "outbound_type": "loadBalancer",
                "pod_cidr": "",
                "pod_cidrs": [],
                "service_cidr": "10.0.0.0/16",
                "service_cidrs": [
                  "10.0.0.0/16"
                ]
              }
            ],
            "node_os_upgrade_channel": "NodeImage",
            "node_resource_group": "MC_Dataplatform-Group-Monitoring_my-aks-cluster_westeurope",
            "node_resource_group_id": "/subscriptions/642dd095-927a-4bdf-9152-d4f6609d0207/resourceGroups/MC_Dataplatform-Group-Monitoring_my-aks-cluster_westeurope",
            "oidc_issuer_enabled": true,
            "oidc_issuer_url": "https://westeurope.oic.prod-aks.azure.com/a9f4aef9-8df7-4cc3-99a8-e85824715025/cb7dd4d7-8fa8-41a5-b928-4daff507dfad/",
            "oms_agent": [],
            "open_service_mesh_enabled": null,
            "portal_fqdn": "myaksdns-dlabyru9.portal.hcp.westeurope.azmk8s.io",
            "private_cluster_enabled": false,
            "private_cluster_public_fqdn_enabled": false,
            "private_dns_zone_id": "",
            "private_fqdn": "",
            "resource_group_name": "Dataplatform-Group-Monitoring",
            "role_based_access_control_enabled": true,
            "run_command_enabled": true,
            "service_mesh_profile": [],
            "service_principal": [],
            "sku_tier": "Free",
            "storage_profile": [],
            "support_plan": "KubernetesOfficial",
            "tags": {
              "Environment": "dev"
            },
            "timeouts": null,
            "upgrade_override": [],
            "web_app_routing": [],
            "windows_profile": [
              {
                "admin_password": "",
                "admin_username": "azureuser",
                "gmsa": [],
                "license": ""
              }
            ],
            "workload_autoscaler_profile": [],
            "workload_identity_enabled": false
          },
          "sensitive_attributes": [
            [
              {
                "type": "get_attr",
                "value": "kube_admin_config"
              }
            ],
            [
              {
                "type": "get_attr",
                "value": "kube_admin_config_raw"
              }
            ],
            [
              {
                "type": "get_attr",
                "value": "kube_config"
              }
            ],
            [
              {
                "type": "get_attr",
                "value": "kube_config_raw"
              }
            ],
            [
              {
                "type": "get_attr",
                "value": "windows_profile"
              },
              {
                "type": "index",
                "value": {
                  "value": 0,
                  "type": "number"
                }
              },
              {
                "type": "get_attr",
                "value": "admin_password"
              }
            ]
          ],
          "identity_schema_version": 0,
          "private": "eyJlMmJmYjczMC1lY2FhLTExZTYtOGY4OC0zNDM2M2JjN2M0YzAiOnsiY3JlYXRlIjo1NDAwMDAwMDAwMDAwLCJkZWxldGUiOjU0MDAwMDAwMDAwMDAsInJlYWQiOjMwMDAwMDAwMDAwMCwidXBkYXRlIjo1NDAwMDAwMDAwMDAwfSwic2NoZW1hX3ZlcnNpb24iOiIyIn0=",
          "dependencies": [
            "data.azurerm_resource_group.main"
          ]
        }
      ]
    },
    {
      "mode": "managed",
      "type": "kubernetes_config_map",
      "name": "elasticsearch_config",
      "provider": "provider[\"registry.terraform.io/hashicorp/kubernetes\"]",
      "instances": [
        {
          "schema_version": 0,
          "attributes": {
            "binary_data": {},
            "data": {
              "elasticsearch.yml": "    cluster.name: \"elk-cluster\"\r\n    node.name: \"elasticsearch\"\r\n    network.host: \"0.0.0.0\"\r\n    http.port: 9200\r\n    discovery.seed_hosts: [\"elasticsearch.default.svc.cluster.local\"]\r\n    path.data: /usr/share/elasticsearch/data\r\n    path.logs: /usr/share/elasticsearch/logs\r\n    xpack.security.enabled: false\r\n    xpack.security.enrollment.enabled: false\r\n"
            },
            "id": "default/elasticsearch-config",
            "immutable": false,
            "metadata": [
              {
                "annotations": {},
                "generate_name": "",
                "generation": 0,
                "labels": {},
                "name": "elasticsearch-config",
                "namespace": "default",
                "resource_version": "1267",
                "uid": "1e25ab69-36fe-46ff-9c54-bc66b070ecbb"
              }
            ]
          },
          "sensitive_attributes": [],
          "identity_schema_version": 1,
          "identity": {
            "api_version": "v1",
            "kind": "ConfigMap",
            "name": "elasticsearch-config",
            "namespace": "default"
          },
          "private": "bnVsbA==",
          "dependencies": [
            "azurerm_kubernetes_cluster.aks",
            "data.azurerm_kubernetes_cluster.aks_data",
            "data.azurerm_resource_group.main"
          ]
        }
      ]
    },
    {
      "mode": "managed",
      "type": "kubernetes_config_map",
      "name": "logstash_config",
      "provider": "provider[\"registry.terraform.io/hashicorp/kubernetes\"]",
      "instances": [
        {
          "schema_version": 0,
          "attributes": {
            "binary_data": {},
            "data": {
              "logstash.yml": "http.host: \"0.0.0.0\"\r\nxpack.monitoring.enabled: false\r\n"
            },
            "id": "default/logstash-config",
            "immutable": false,
            "metadata": [
              {
                "annotations": {},
                "generate_name": "",
                "generation": 0,
                "labels": {},
                "name": "logstash-config",
                "namespace": "default",
                "resource_version": "1268",
                "uid": "654772d8-4b67-42d5-a193-99209b0751b4"
              }
            ]
          },
          "sensitive_attributes": [],
          "identity_schema_version": 1,
          "identity": {
            "api_version": "v1",
            "kind": "ConfigMap",
            "name": "logstash-config",
            "namespace": "default"
          },
          "private": "bnVsbA==",
          "dependencies": [
            "azurerm_kubernetes_cluster.aks",
            "data.azurerm_kubernetes_cluster.aks_data",
            "data.azurerm_resource_group.main"
          ]
        }
      ]
    },
    {
      "mode": "managed",
      "type": "kubernetes_config_map",
      "name": "logstash_config2",
      "provider": "provider[\"registry.terraform.io/hashicorp/kubernetes\"]",
      "instances": [
        {
          "schema_version": 0,
          "attributes": {
            "binary_data": {},
            "data": {
              "logstash.conf": "      input {\r\n        beats {\r\n          port =\u003e 5044\r\n        }\r\n\r\n        syslog {\r\n          port  =\u003e 5514\r\n          codec =\u003e line\r\n        }\r\n      }\r\n\r\n      filter {\r\n        if [fields][app] {\r\n          mutate {\r\n            add_field =\u003e {\r\n              \"app\" =\u003e \"%{[fields][app]}\"\r\n            }\r\n          }\r\n        }\r\n\r\n        # GROK patroon voor standaard Keycloak-logs\r\n        if \"keycloak\" in [app] {\r\n          grok {\r\n            match =\u003e {\r\n              \"message\" =\u003e [\r\n                \"%{TIMESTAMP_ISO8601:timestamp} %{LOGLEVEL:log_level}  \\\r\n\r\n\\[%{DATA:logger}\\\\]\r\n\r\n \\\\(%{DATA:thread}\\\\) %{GREEDYDATA:log_message}\"\r\n              ]\r\n            }\r\n          }\r\n\r\n          date {\r\n            match  =\u003e [\"timestamp\", \"yyyy-MM-dd HH:mm:ss,SSS\"]\r\n            target =\u003e \"@timestamp\"\r\n          }\r\n        }\r\n      }\r\n\r\n      output {\r\n        stdout {\r\n          codec =\u003e rubydebug\r\n        }\r\n\r\n        elasticsearch {\r\n          hosts =\u003e [\"http://elasticsearch:9200\"]\r\n          index =\u003e \"logstash-%{+YYYY.MM.dd}\"\r\n        }\r\n      }\r\n"
            },
            "id": "default/logstash-pipeline-config",
            "immutable": false,
            "metadata": [
              {
                "annotations": {},
                "generate_name": "",
                "generation": 0,
                "labels": {},
                "name": "logstash-pipeline-config",
                "namespace": "default",
                "resource_version": "54904",
                "uid": "d660cfc7-917a-4598-aa3a-146afce5df21"
              }
            ]
          },
          "sensitive_attributes": [],
          "identity_schema_version": 1,
          "identity": {
            "api_version": "v1",
            "kind": "ConfigMap",
            "name": "logstash-pipeline-config",
            "namespace": "default"
          },
          "private": "bnVsbA==",
          "dependencies": [
            "azurerm_kubernetes_cluster.aks",
            "data.azurerm_kubernetes_cluster.aks_data",
            "data.azurerm_resource_group.main",
            "kubernetes_persistent_volume_claim.elk_pvc",
            "null_resource.aks_get_credentials"
          ]
        }
      ]
    },
    {
      "mode": "managed",
      "type": "kubernetes_config_map",
      "name": "logstash_pipelines",
      "provider": "provider[\"registry.terraform.io/hashicorp/kubernetes\"]",
      "instances": [
        {
          "schema_version": 0,
          "attributes": {
            "binary_data": {},
            "data": {
              "pipelines.yml": "- pipeline.id: main\r\n  path.config: \"/usr/share/logstash/pipeline/logstash.conf\"\r\n"
            },
            "id": "default/logstash-pipelines",
            "immutable": false,
            "metadata": [
              {
                "annotations": {},
                "generate_name": "",
                "generation": 0,
                "labels": {},
                "name": "logstash-pipelines",
                "namespace": "default",
                "resource_version": "1266",
                "uid": "0f9326ec-06e2-4639-a4ea-6db85b10de25"
              }
            ]
          },
          "sensitive_attributes": [],
          "identity_schema_version": 1,
          "identity": {
            "api_version": "v1",
            "kind": "ConfigMap",
            "name": "logstash-pipelines",
            "namespace": "default"
          },
          "private": "bnVsbA==",
          "dependencies": [
            "azurerm_kubernetes_cluster.aks",
            "data.azurerm_kubernetes_cluster.aks_data",
            "data.azurerm_resource_group.main"
          ]
        }
      ]
    },
    {
      "mode": "managed",
      "type": "kubernetes_deployment",
      "name": "elasticsearch",
      "provider": "provider[\"registry.terraform.io/hashicorp/kubernetes\"]",
      "instances": [
        {
          "schema_version": 1,
          "attributes": {
            "id": "default/elasticsearch",
            "metadata": [
              {
                "annotations": {},
                "generate_name": "",
                "generation": 1,
                "labels": {
                  "app": "elasticsearch"
                },
                "name": "elasticsearch",
                "namespace": "default",
                "resource_version": "1626",
                "uid": "afc0e93c-3beb-40f8-b4cb-9e744c78dcd0"
              }
            ],
            "spec": [
              {
                "min_ready_seconds": 0,
                "paused": false,
                "progress_deadline_seconds": 600,
                "replicas": "1",
                "revision_history_limit": 10,
                "selector": [
                  {
                    "match_expressions": [],
                    "match_labels": {
                      "app": "elasticsearch"
                    }
                  }
                ],
                "strategy": [
                  {
                    "rolling_update": [
                      {
                        "max_surge": "25%",
                        "max_unavailable": "25%"
                      }
                    ],
                    "type": "RollingUpdate"
                  }
                ],
                "template": [
                  {
                    "metadata": [
                      {
                        "annotations": {},
                        "generate_name": "",
                        "generation": 0,
                        "labels": {
                          "app": "elasticsearch"
                        },
                        "name": "",
                        "namespace": "",
                        "resource_version": "",
                        "uid": ""
                      }
                    ],
                    "spec": [
                      {
                        "active_deadline_seconds": 0,
                        "affinity": [],
                        "automount_service_account_token": true,
                        "container": [
                          {
                            "args": [],
                            "command": [],
                            "env": [
                              {
                                "name": "discovery.type",
                                "value": "single-node",
                                "value_from": []
                              }
                            ],
                            "env_from": [],
                            "image": "docker.elastic.co/elasticsearch/elasticsearch:8.16.1",
                            "image_pull_policy": "IfNotPresent",
                            "lifecycle": [],
                            "liveness_probe": [],
                            "name": "elasticsearch",
                            "port": [
                              {
                                "container_port": 9200,
                                "host_ip": "",
                                "host_port": 0,
                                "name": "",
                                "protocol": "TCP"
                              }
                            ],
                            "readiness_probe": [],
                            "resources": [
                              {
                                "limits": {
                                  "cpu": "2",
                                  "memory": "4Gi"
                                },
                                "requests": {
                                  "cpu": "1",
                                  "memory": "2Gi"
                                }
                              }
                            ],
                            "security_context": [],
                            "startup_probe": [],
                            "stdin": false,
                            "stdin_once": false,
                            "termination_message_path": "/dev/termination-log",
                            "termination_message_policy": "File",
                            "tty": false,
                            "volume_device": [],
                            "volume_mount": [
                              {
                                "mount_path": "/usr/share/elasticsearch/config/elasticsearch.yml",
                                "mount_propagation": "None",
                                "name": "elasticsearch-config",
                                "read_only": false,
                                "sub_path": "elasticsearch.yml"
                              }
                            ],
                            "working_dir": ""
                          }
                        ],
                        "dns_config": [],
                        "dns_policy": "ClusterFirst",
                        "enable_service_links": true,
                        "host_aliases": [],
                        "host_ipc": false,
                        "host_network": false,
                        "host_pid": false,
                        "hostname": "",
                        "image_pull_secrets": [],
                        "init_container": [],
                        "node_name": "",
                        "node_selector": {},
                        "os": [],
                        "priority_class_name": "",
                        "readiness_gate": [],
                        "restart_policy": "Always",
                        "runtime_class_name": "",
                        "scheduler_name": "default-scheduler",
                        "security_context": [],
                        "service_account_name": "",
                        "share_process_namespace": false,
                        "subdomain": "",
                        "termination_grace_period_seconds": 30,
                        "toleration": [],
                        "topology_spread_constraint": [],
                        "volume": [
                          {
                            "aws_elastic_block_store": [],
                            "azure_disk": [],
                            "azure_file": [],
                            "ceph_fs": [],
                            "cinder": [],
                            "config_map": [
                              {
                                "default_mode": "0644",
                                "items": [],
                                "name": "elasticsearch-config",
                                "optional": false
                              }
                            ],
                            "csi": [],
                            "downward_api": [],
                            "empty_dir": [],
                            "ephemeral": [],
                            "fc": [],
                            "flex_volume": [],
                            "flocker": [],
                            "gce_persistent_disk": [],
                            "git_repo": [],
                            "glusterfs": [],
                            "host_path": [],
                            "iscsi": [],
                            "local": [],
                            "name": "elasticsearch-config",
                            "nfs": [],
                            "persistent_volume_claim": [],
                            "photon_persistent_disk": [],
                            "projected": [],
                            "quobyte": [],
                            "rbd": [],
                            "secret": [],
                            "vsphere_volume": []
                          }
                        ]
                      }
                    ]
                  }
                ]
              }
            ],
            "timeouts": null,
            "wait_for_rollout": true
          },
          "sensitive_attributes": [],
          "identity_schema_version": 0,
          "private": "eyJlMmJmYjczMC1lY2FhLTExZTYtOGY4OC0zNDM2M2JjN2M0YzAiOnsiY3JlYXRlIjo2MDAwMDAwMDAwMDAsImRlbGV0ZSI6NjAwMDAwMDAwMDAwLCJ1cGRhdGUiOjYwMDAwMDAwMDAwMH0sInNjaGVtYV92ZXJzaW9uIjoiMSJ9",
          "dependencies": [
            "azurerm_kubernetes_cluster.aks",
            "data.azurerm_kubernetes_cluster.aks_data",
            "data.azurerm_resource_group.main",
            "kubernetes_config_map.elasticsearch_config"
          ]
        }
      ]
    },
    {
      "mode": "managed",
      "type": "kubernetes_deployment",
      "name": "elasticsearch2",
      "provider": "provider[\"registry.terraform.io/hashicorp/kubernetes\"]",
      "instances": [
        {
          "schema_version": 1,
          "attributes": {
            "id": "default/elasticsearch-alt",
            "metadata": [
              {
                "annotations": {},
                "generate_name": "",
                "generation": 1,
                "labels": {
                  "app": "elasticsearch-alt"
                },
                "name": "elasticsearch-alt",
                "namespace": "default",
                "resource_version": "2201",
                "uid": "122c5c51-fb5e-4628-8085-c4681a7d398f"
              }
            ],
            "spec": [
              {
                "min_ready_seconds": 0,
                "paused": false,
                "progress_deadline_seconds": 600,
                "replicas": "1",
                "revision_history_limit": 10,
                "selector": [
                  {
                    "match_expressions": [],
                    "match_labels": {
                      "app": "elasticsearch-alt"
                    }
                  }
                ],
                "strategy": [
                  {
                    "rolling_update": [
                      {
                        "max_surge": "25%",
                        "max_unavailable": "25%"
                      }
                    ],
                    "type": "RollingUpdate"
                  }
                ],
                "template": [
                  {
                    "metadata": [
                      {
                        "annotations": {},
                        "generate_name": "",
                        "generation": 0,
                        "labels": {
                          "app": "elasticsearch-alt"
                        },
                        "name": "",
                        "namespace": "",
                        "resource_version": "",
                        "uid": ""
                      }
                    ],
                    "spec": [
                      {
                        "active_deadline_seconds": 0,
                        "affinity": [],
                        "automount_service_account_token": true,
                        "container": [
                          {
                            "args": [],
                            "command": [],
                            "env": [
                              {
                                "name": "discovery.type",
                                "value": "single-node",
                                "value_from": []
                              }
                            ],
                            "env_from": [],
                            "image": "docker.elastic.co/elasticsearch/elasticsearch:8.7.0",
                            "image_pull_policy": "IfNotPresent",
                            "lifecycle": [],
                            "liveness_probe": [],
                            "name": "elasticsearch",
                            "port": [
                              {
                                "container_port": 9200,
                                "host_ip": "",
                                "host_port": 0,
                                "name": "",
                                "protocol": "TCP"
                              }
                            ],
                            "readiness_probe": [],
                            "resources": [
                              {
                                "limits": {},
                                "requests": {}
                              }
                            ],
                            "security_context": [],
                            "startup_probe": [],
                            "stdin": false,
                            "stdin_once": false,
                            "termination_message_path": "/dev/termination-log",
                            "termination_message_policy": "File",
                            "tty": false,
                            "volume_device": [],
                            "volume_mount": [
                              {
                                "mount_path": "/usr/share/elasticsearch/data",
                                "mount_propagation": "None",
                                "name": "elasticsearch-data",
                                "read_only": false,
                                "sub_path": ""
                              },
                              {
                                "mount_path": "/usr/share/elasticsearch/logs",
                                "mount_propagation": "None",
                                "name": "elasticsearch-logs",
                                "read_only": false,
                                "sub_path": ""
                              },
                              {
                                "mount_path": "/usr/share/elasticsearch/config/elasticsearch.yml",
                                "mount_propagation": "None",
                                "name": "elasticsearch-config",
                                "read_only": false,
                                "sub_path": "elasticsearch.yml"
                              }
                            ],
                            "working_dir": ""
                          }
                        ],
                        "dns_config": [],
                        "dns_policy": "ClusterFirst",
                        "enable_service_links": true,
                        "host_aliases": [],
                        "host_ipc": false,
                        "host_network": false,
                        "host_pid": false,
                        "hostname": "",
                        "image_pull_secrets": [],
                        "init_container": [],
                        "node_name": "",
                        "node_selector": {},
                        "os": [],
                        "priority_class_name": "",
                        "readiness_gate": [],
                        "restart_policy": "Always",
                        "runtime_class_name": "",
                        "scheduler_name": "default-scheduler",
                        "security_context": [],
                        "service_account_name": "",
                        "share_process_namespace": false,
                        "subdomain": "",
                        "termination_grace_period_seconds": 30,
                        "toleration": [],
                        "topology_spread_constraint": [],
                        "volume": [
                          {
                            "aws_elastic_block_store": [],
                            "azure_disk": [],
                            "azure_file": [],
                            "ceph_fs": [],
                            "cinder": [],
                            "config_map": [],
                            "csi": [],
                            "downward_api": [],
                            "empty_dir": [],
                            "ephemeral": [],
                            "fc": [],
                            "flex_volume": [],
                            "flocker": [],
                            "gce_persistent_disk": [],
                            "git_repo": [],
                            "glusterfs": [],
                            "host_path": [],
                            "iscsi": [],
                            "local": [],
                            "name": "elasticsearch-data",
                            "nfs": [],
                            "persistent_volume_claim": [
                              {
                                "claim_name": "elk-data-pvc",
                                "read_only": false
                              }
                            ],
                            "photon_persistent_disk": [],
                            "projected": [],
                            "quobyte": [],
                            "rbd": [],
                            "secret": [],
                            "vsphere_volume": []
                          },
                          {
                            "aws_elastic_block_store": [],
                            "azure_disk": [],
                            "azure_file": [],
                            "ceph_fs": [],
                            "cinder": [],
                            "config_map": [],
                            "csi": [],
                            "downward_api": [],
                            "empty_dir": [],
                            "ephemeral": [],
                            "fc": [],
                            "flex_volume": [],
                            "flocker": [],
                            "gce_persistent_disk": [],
                            "git_repo": [],
                            "glusterfs": [],
                            "host_path": [],
                            "iscsi": [],
                            "local": [],
                            "name": "elasticsearch-logs",
                            "nfs": [],
                            "persistent_volume_claim": [
                              {
                                "claim_name": "elk-logs-pvc",
                                "read_only": false
                              }
                            ],
                            "photon_persistent_disk": [],
                            "projected": [],
                            "quobyte": [],
                            "rbd": [],
                            "secret": [],
                            "vsphere_volume": []
                          },
                          {
                            "aws_elastic_block_store": [],
                            "azure_disk": [],
                            "azure_file": [],
                            "ceph_fs": [],
                            "cinder": [],
                            "config_map": [
                              {
                                "default_mode": "0644",
                                "items": [],
                                "name": "elasticsearch-config",
                                "optional": false
                              }
                            ],
                            "csi": [],
                            "downward_api": [],
                            "empty_dir": [],
                            "ephemeral": [],
                            "fc": [],
                            "flex_volume": [],
                            "flocker": [],
                            "gce_persistent_disk": [],
                            "git_repo": [],
                            "glusterfs": [],
                            "host_path": [],
                            "iscsi": [],
                            "local": [],
                            "name": "elasticsearch-config",
                            "nfs": [],
                            "persistent_volume_claim": [],
                            "photon_persistent_disk": [],
                            "projected": [],
                            "quobyte": [],
                            "rbd": [],
                            "secret": [],
                            "vsphere_volume": []
                          }
                        ]
                      }
                    ]
                  }
                ]
              }
            ],
            "timeouts": null,
            "wait_for_rollout": true
          },
          "sensitive_attributes": [],
          "identity_schema_version": 0,
          "private": "eyJlMmJmYjczMC1lY2FhLTExZTYtOGY4OC0zNDM2M2JjN2M0YzAiOnsiY3JlYXRlIjo2MDAwMDAwMDAwMDAsImRlbGV0ZSI6NjAwMDAwMDAwMDAwLCJ1cGRhdGUiOjYwMDAwMDAwMDAwMH0sInNjaGVtYV92ZXJzaW9uIjoiMSJ9",
          "dependencies": [
            "azurerm_kubernetes_cluster.aks",
            "data.azurerm_kubernetes_cluster.aks_data",
            "data.azurerm_resource_group.main",
            "kubernetes_config_map.elasticsearch_config",
            "kubernetes_persistent_volume_claim.elk_data_pvc",
            "kubernetes_persistent_volume_claim.elk_logs_pvc",
            "null_resource.aks_get_credentials"
          ]
        }
      ]
    },
    {
      "mode": "managed",
      "type": "kubernetes_deployment",
      "name": "kibana",
      "provider": "provider[\"registry.terraform.io/hashicorp/kubernetes\"]",
      "instances": [
        {
          "schema_version": 1,
          "attributes": {
            "id": "default/kibana",
            "metadata": [
              {
                "annotations": {},
                "generate_name": "",
                "generation": 1,
                "labels": {
                  "app": "kibana"
                },
                "name": "kibana",
                "namespace": "default",
                "resource_version": "2183",
                "uid": "9d79c9b8-90e4-454d-939f-a5fa0a7ae561"
              }
            ],
            "spec": [
              {
                "min_ready_seconds": 0,
                "paused": false,
                "progress_deadline_seconds": 600,
                "replicas": "1",
                "revision_history_limit": 10,
                "selector": [
                  {
                    "match_expressions": [],
                    "match_labels": {
                      "app": "kibana"
                    }
                  }
                ],
                "strategy": [
                  {
                    "rolling_update": [
                      {
                        "max_surge": "25%",
                        "max_unavailable": "25%"
                      }
                    ],
                    "type": "RollingUpdate"
                  }
                ],
                "template": [
                  {
                    "metadata": [
                      {
                        "annotations": {},
                        "generate_name": "",
                        "generation": 0,
                        "labels": {
                          "app": "kibana"
                        },
                        "name": "",
                        "namespace": "",
                        "resource_version": "",
                        "uid": ""
                      }
                    ],
                    "spec": [
                      {
                        "active_deadline_seconds": 0,
                        "affinity": [],
                        "automount_service_account_token": true,
                        "container": [
                          {
                            "args": [],
                            "command": [],
                            "env": [
                              {
                                "name": "ELASTICSEARCH_URL",
                                "value": "http://elasticsearch.default.svc.cluster.local:9200",
                                "value_from": []
                              },
                              {
                                "name": "xpack.security.enrollment.enabled",
                                "value": "true",
                                "value_from": []
                              }
                            ],
                            "env_from": [],
                            "image": "docker.elastic.co/kibana/kibana:8.16.1",
                            "image_pull_policy": "IfNotPresent",
                            "lifecycle": [],
                            "liveness_probe": [],
                            "name": "kibana",
                            "port": [
                              {
                                "container_port": 5601,
                                "host_ip": "",
                                "host_port": 0,
                                "name": "",
                                "protocol": "TCP"
                              }
                            ],
                            "readiness_probe": [],
                            "resources": [
                              {
                                "limits": {
                                  "cpu": "1",
                                  "memory": "2Gi"
                                },
                                "requests": {
                                  "cpu": "500m",
                                  "memory": "1Gi"
                                }
                              }
                            ],
                            "security_context": [],
                            "startup_probe": [],
                            "stdin": false,
                            "stdin_once": false,
                            "termination_message_path": "/dev/termination-log",
                            "termination_message_policy": "File",
                            "tty": false,
                            "volume_device": [],
                            "volume_mount": [],
                            "working_dir": ""
                          }
                        ],
                        "dns_config": [],
                        "dns_policy": "ClusterFirst",
                        "enable_service_links": true,
                        "host_aliases": [],
                        "host_ipc": false,
                        "host_network": false,
                        "host_pid": false,
                        "hostname": "",
                        "image_pull_secrets": [],
                        "init_container": [],
                        "node_name": "",
                        "node_selector": {},
                        "os": [],
                        "priority_class_name": "",
                        "readiness_gate": [],
                        "restart_policy": "Always",
                        "runtime_class_name": "",
                        "scheduler_name": "default-scheduler",
                        "security_context": [],
                        "service_account_name": "",
                        "share_process_namespace": false,
                        "subdomain": "",
                        "termination_grace_period_seconds": 30,
                        "toleration": [],
                        "topology_spread_constraint": [],
                        "volume": []
                      }
                    ]
                  }
                ]
              }
            ],
            "timeouts": null,
            "wait_for_rollout": true
          },
          "sensitive_attributes": [],
          "identity_schema_version": 0,
          "private": "eyJlMmJmYjczMC1lY2FhLTExZTYtOGY4OC0zNDM2M2JjN2M0YzAiOnsiY3JlYXRlIjo2MDAwMDAwMDAwMDAsImRlbGV0ZSI6NjAwMDAwMDAwMDAwLCJ1cGRhdGUiOjYwMDAwMDAwMDAwMH0sInNjaGVtYV92ZXJzaW9uIjoiMSJ9",
          "dependencies": [
            "azurerm_kubernetes_cluster.aks",
            "data.azurerm_kubernetes_cluster.aks_data",
            "data.azurerm_resource_group.main"
          ]
        }
      ]
    },
    {
      "mode": "managed",
      "type": "kubernetes_deployment",
      "name": "kibana2",
      "provider": "provider[\"registry.terraform.io/hashicorp/kubernetes\"]",
      "instances": [
        {
          "schema_version": 1,
          "attributes": {
            "id": "default/kibana-alt",
            "metadata": [
              {
                "annotations": {},
                "generate_name": "",
                "generation": 1,
                "labels": {
                  "app": "kibana-alt"
                },
                "name": "kibana-alt",
                "namespace": "default",
                "resource_version": "2277",
                "uid": "916da3d6-2969-457d-aeb9-ab7d0911a695"
              }
            ],
            "spec": [
              {
                "min_ready_seconds": 0,
                "paused": false,
                "progress_deadline_seconds": 600,
                "replicas": "1",
                "revision_history_limit": 10,
                "selector": [
                  {
                    "match_expressions": [],
                    "match_labels": {
                      "app": "kibana-alt"
                    }
                  }
                ],
                "strategy": [
                  {
                    "rolling_update": [
                      {
                        "max_surge": "25%",
                        "max_unavailable": "25%"
                      }
                    ],
                    "type": "RollingUpdate"
                  }
                ],
                "template": [
                  {
                    "metadata": [
                      {
                        "annotations": {},
                        "generate_name": "",
                        "generation": 0,
                        "labels": {
                          "app": "kibana-alt"
                        },
                        "name": "",
                        "namespace": "",
                        "resource_version": "",
                        "uid": ""
                      }
                    ],
                    "spec": [
                      {
                        "active_deadline_seconds": 0,
                        "affinity": [],
                        "automount_service_account_token": true,
                        "container": [
                          {
                            "args": [],
                            "command": [],
                            "env": [
                              {
                                "name": "ELASTICSEARCH_HOSTS",
                                "value": "http://elasticsearch-alt:9200",
                                "value_from": []
                              }
                            ],
                            "env_from": [],
                            "image": "docker.elastic.co/kibana/kibana:8.7.0",
                            "image_pull_policy": "IfNotPresent",
                            "lifecycle": [],
                            "liveness_probe": [],
                            "name": "kibana",
                            "port": [
                              {
                                "container_port": 5601,
                                "host_ip": "",
                                "host_port": 0,
                                "name": "",
                                "protocol": "TCP"
                              }
                            ],
                            "readiness_probe": [],
                            "resources": [
                              {
                                "limits": {},
                                "requests": {}
                              }
                            ],
                            "security_context": [],
                            "startup_probe": [],
                            "stdin": false,
                            "stdin_once": false,
                            "termination_message_path": "/dev/termination-log",
                            "termination_message_policy": "File",
                            "tty": false,
                            "volume_device": [],
                            "volume_mount": [
                              {
                                "mount_path": "/usr/share/kibana/data",
                                "mount_propagation": "None",
                                "name": "kibana-data",
                                "read_only": false,
                                "sub_path": ""
                              }
                            ],
                            "working_dir": ""
                          }
                        ],
                        "dns_config": [],
                        "dns_policy": "ClusterFirst",
                        "enable_service_links": true,
                        "host_aliases": [],
                        "host_ipc": false,
                        "host_network": false,
                        "host_pid": false,
                        "hostname": "",
                        "image_pull_secrets": [],
                        "init_container": [],
                        "node_name": "",
                        "node_selector": {},
                        "os": [],
                        "priority_class_name": "",
                        "readiness_gate": [],
                        "restart_policy": "Always",
                        "runtime_class_name": "",
                        "scheduler_name": "default-scheduler",
                        "security_context": [],
                        "service_account_name": "",
                        "share_process_namespace": false,
                        "subdomain": "",
                        "termination_grace_period_seconds": 30,
                        "toleration": [],
                        "topology_spread_constraint": [],
                        "volume": [
                          {
                            "aws_elastic_block_store": [],
                            "azure_disk": [],
                            "azure_file": [],
                            "ceph_fs": [],
                            "cinder": [],
                            "config_map": [],
                            "csi": [],
                            "downward_api": [],
                            "empty_dir": [],
                            "ephemeral": [],
                            "fc": [],
                            "flex_volume": [],
                            "flocker": [],
                            "gce_persistent_disk": [],
                            "git_repo": [],
                            "glusterfs": [],
                            "host_path": [],
                            "iscsi": [],
                            "local": [],
                            "name": "kibana-data",
                            "nfs": [],
                            "persistent_volume_claim": [
                              {
                                "claim_name": "elk-data-pvc",
                                "read_only": false
                              }
                            ],
                            "photon_persistent_disk": [],
                            "projected": [],
                            "quobyte": [],
                            "rbd": [],
                            "secret": [],
                            "vsphere_volume": []
                          }
                        ]
                      }
                    ]
                  }
                ]
              }
            ],
            "timeouts": null,
            "wait_for_rollout": true
          },
          "sensitive_attributes": [],
          "identity_schema_version": 0,
          "private": "eyJlMmJmYjczMC1lY2FhLTExZTYtOGY4OC0zNDM2M2JjN2M0YzAiOnsiY3JlYXRlIjo2MDAwMDAwMDAwMDAsImRlbGV0ZSI6NjAwMDAwMDAwMDAwLCJ1cGRhdGUiOjYwMDAwMDAwMDAwMH0sInNjaGVtYV92ZXJzaW9uIjoiMSJ9",
          "dependencies": [
            "azurerm_kubernetes_cluster.aks",
            "data.azurerm_kubernetes_cluster.aks_data",
            "data.azurerm_resource_group.main",
            "kubernetes_persistent_volume_claim.elk_data_pvc",
            "null_resource.aks_get_credentials"
          ]
        }
      ]
    },
    {
      "mode": "managed",
      "type": "kubernetes_deployment",
      "name": "logstash",
      "provider": "provider[\"registry.terraform.io/hashicorp/kubernetes\"]",
      "instances": [
        {
          "schema_version": 1,
          "attributes": {
            "id": "default/logstash",
            "metadata": [
              {
                "annotations": {},
                "generate_name": "",
                "generation": 5,
                "labels": {
                  "app": "logstash"
                },
                "name": "logstash",
                "namespace": "default",
                "resource_version": "54975",
                "uid": "913d7c4a-0ae0-47d9-b539-16842a4ae9a7"
              }
            ],
            "spec": [
              {
                "min_ready_seconds": 0,
                "paused": false,
                "progress_deadline_seconds": 600,
                "replicas": "1",
                "revision_history_limit": 10,
                "selector": [
                  {
                    "match_expressions": [],
                    "match_labels": {
                      "app": "logstash"
                    }
                  }
                ],
                "strategy": [
                  {
                    "rolling_update": [
                      {
                        "max_surge": "25%",
                        "max_unavailable": "25%"
                      }
                    ],
                    "type": "RollingUpdate"
                  }
                ],
                "template": [
                  {
                    "metadata": [
                      {
                        "annotations": {},
                        "generate_name": "",
                        "generation": 0,
                        "labels": {
                          "app": "logstash"
                        },
                        "name": "",
                        "namespace": "",
                        "resource_version": "",
                        "uid": ""
                      }
                    ],
                    "spec": [
                      {
                        "active_deadline_seconds": 0,
                        "affinity": [],
                        "automount_service_account_token": true,
                        "container": [
                          {
                            "args": [],
                            "command": [
                              "/usr/share/logstash/bin/logstash",
                              "-f",
                              "/usr/share/logstash/pipeline/logstash.conf"
                            ],
                            "env": [],
                            "env_from": [],
                            "image": "docker.elastic.co/logstash/logstash:8.16.1",
                            "image_pull_policy": "IfNotPresent",
                            "lifecycle": [],
                            "liveness_probe": [],
                            "name": "logstash",
                            "port": [
                              {
                                "container_port": 5044,
                                "host_ip": "",
                                "host_port": 0,
                                "name": "",
                                "protocol": "TCP"
                              }
                            ],
                            "readiness_probe": [],
                            "resources": [
                              {
                                "limits": {
                                  "cpu": "1",
                                  "memory": "2Gi"
                                },
                                "requests": {
                                  "cpu": "500m",
                                  "memory": "1Gi"
                                }
                              }
                            ],
                            "security_context": [],
                            "startup_probe": [],
                            "stdin": false,
                            "stdin_once": false,
                            "termination_message_path": "/dev/termination-log",
                            "termination_message_policy": "File",
                            "tty": false,
                            "volume_device": [],
                            "volume_mount": [
                              {
                                "mount_path": "/usr/share/logstash/config/logstash.yml",
                                "mount_propagation": "None",
                                "name": "logstash-config",
                                "read_only": false,
                                "sub_path": "logstash.yml"
                              },
                              {
                                "mount_path": "/usr/share/logstash/pipeline/logstash.conf",
                                "mount_propagation": "None",
                                "name": "logstash-pipeline",
                                "read_only": false,
                                "sub_path": "logstash.conf"
                              }
                            ],
                            "working_dir": ""
                          }
                        ],
                        "dns_config": [],
                        "dns_policy": "ClusterFirst",
                        "enable_service_links": true,
                        "host_aliases": [],
                        "host_ipc": false,
                        "host_network": false,
                        "host_pid": false,
                        "hostname": "",
                        "image_pull_secrets": [],
                        "init_container": [],
                        "node_name": "",
                        "node_selector": {},
                        "os": [],
                        "priority_class_name": "",
                        "readiness_gate": [],
                        "restart_policy": "Always",
                        "runtime_class_name": "",
                        "scheduler_name": "default-scheduler",
                        "security_context": [],
                        "service_account_name": "",
                        "share_process_namespace": false,
                        "subdomain": "",
                        "termination_grace_period_seconds": 30,
                        "toleration": [],
                        "topology_spread_constraint": [],
                        "volume": [
                          {
                            "aws_elastic_block_store": [],
                            "azure_disk": [],
                            "azure_file": [],
                            "ceph_fs": [],
                            "cinder": [],
                            "config_map": [
                              {
                                "default_mode": "0644",
                                "items": [],
                                "name": "logstash-config",
                                "optional": false
                              }
                            ],
                            "csi": [],
                            "downward_api": [],
                            "empty_dir": [],
                            "ephemeral": [],
                            "fc": [],
                            "flex_volume": [],
                            "flocker": [],
                            "gce_persistent_disk": [],
                            "git_repo": [],
                            "glusterfs": [],
                            "host_path": [],
                            "iscsi": [],
                            "local": [],
                            "name": "logstash-config",
                            "nfs": [],
                            "persistent_volume_claim": [],
                            "photon_persistent_disk": [],
                            "projected": [],
                            "quobyte": [],
                            "rbd": [],
                            "secret": [],
                            "vsphere_volume": []
                          },
                          {
                            "aws_elastic_block_store": [],
                            "azure_disk": [],
                            "azure_file": [],
                            "ceph_fs": [],
                            "cinder": [],
                            "config_map": [
                              {
                                "default_mode": "0644",
                                "items": [],
                                "name": "logstash-pipeline-config",
                                "optional": false
                              }
                            ],
                            "csi": [],
                            "downward_api": [],
                            "empty_dir": [],
                            "ephemeral": [],
                            "fc": [],
                            "flex_volume": [],
                            "flocker": [],
                            "gce_persistent_disk": [],
                            "git_repo": [],
                            "glusterfs": [],
                            "host_path": [],
                            "iscsi": [],
                            "local": [],
                            "name": "logstash-pipeline",
                            "nfs": [],
                            "persistent_volume_claim": [],
                            "photon_persistent_disk": [],
                            "projected": [],
                            "quobyte": [],
                            "rbd": [],
                            "secret": [],
                            "vsphere_volume": []
                          }
                        ]
                      }
                    ]
                  }
                ]
              }
            ],
            "timeouts": null,
            "wait_for_rollout": true
          },
          "sensitive_attributes": [],
          "identity_schema_version": 0,
          "private": "eyJlMmJmYjczMC1lY2FhLTExZTYtOGY4OC0zNDM2M2JjN2M0YzAiOnsiY3JlYXRlIjo2MDAwMDAwMDAwMDAsImRlbGV0ZSI6NjAwMDAwMDAwMDAwLCJ1cGRhdGUiOjYwMDAwMDAwMDAwMH0sInNjaGVtYV92ZXJzaW9uIjoiMSJ9",
          "dependencies": [
            "azurerm_kubernetes_cluster.aks",
            "data.azurerm_kubernetes_cluster.aks_data",
            "data.azurerm_resource_group.main",
            "kubernetes_config_map.logstash_config",
            "kubernetes_config_map.logstash_config2",
            "kubernetes_persistent_volume_claim.elk_pvc",
            "null_resource.aks_get_credentials"
          ]
        }
      ]
    },
    {
      "mode": "managed",
      "type": "kubernetes_deployment",
      "name": "logstash2",
      "provider": "provider[\"registry.terraform.io/hashicorp/kubernetes\"]",
      "instances": [
        {
          "schema_version": 1,
          "attributes": {
            "id": "default/logstash-alt",
            "metadata": [
              {
                "annotations": {},
                "generate_name": "",
                "generation": 5,
                "labels": {
                  "app": "logstash-alt"
                },
                "name": "logstash-alt",
                "namespace": "default",
                "resource_version": "54972",
                "uid": "b1a35726-1f1b-4137-8ec0-45e01419853e"
              }
            ],
            "spec": [
              {
                "min_ready_seconds": 0,
                "paused": false,
                "progress_deadline_seconds": 600,
                "replicas": "1",
                "revision_history_limit": 10,
                "selector": [
                  {
                    "match_expressions": [],
                    "match_labels": {
                      "app": "logstash-alt"
                    }
                  }
                ],
                "strategy": [
                  {
                    "rolling_update": [
                      {
                        "max_surge": "25%",
                        "max_unavailable": "25%"
                      }
                    ],
                    "type": "RollingUpdate"
                  }
                ],
                "template": [
                  {
                    "metadata": [
                      {
                        "annotations": {},
                        "generate_name": "",
                        "generation": 0,
                        "labels": {
                          "app": "logstash-alt"
                        },
                        "name": "",
                        "namespace": "",
                        "resource_version": "",
                        "uid": ""
                      }
                    ],
                    "spec": [
                      {
                        "active_deadline_seconds": 0,
                        "affinity": [],
                        "automount_service_account_token": true,
                        "container": [
                          {
                            "args": [],
                            "command": [],
                            "env": [],
                            "env_from": [],
                            "image": "docker.elastic.co/logstash/logstash:8.7.0",
                            "image_pull_policy": "IfNotPresent",
                            "lifecycle": [],
                            "liveness_probe": [],
                            "name": "logstash",
                            "port": [
                              {
                                "container_port": 5044,
                                "host_ip": "",
                                "host_port": 0,
                                "name": "",
                                "protocol": "TCP"
                              }
                            ],
                            "readiness_probe": [],
                            "resources": [
                              {
                                "limits": {},
                                "requests": {}
                              }
                            ],
                            "security_context": [],
                            "startup_probe": [],
                            "stdin": false,
                            "stdin_once": false,
                            "termination_message_path": "/dev/termination-log",
                            "termination_message_policy": "File",
                            "tty": false,
                            "volume_device": [],
                            "volume_mount": [
                              {
                                "mount_path": "/usr/share/logstash/pipeline",
                                "mount_propagation": "None",
                                "name": "logstash-pipeline",
                                "read_only": false,
                                "sub_path": ""
                              },
                              {
                                "mount_path": "/usr/share/logstash/data",
                                "mount_propagation": "None",
                                "name": "logstash-data",
                                "read_only": false,
                                "sub_path": ""
                              },
                              {
                                "mount_path": "/usr/share/logstash/logs",
                                "mount_propagation": "None",
                                "name": "logstash-logs",
                                "read_only": false,
                                "sub_path": ""
                              },
                              {
                                "mount_path": "/usr/share/logstash/config/logstash.yml",
                                "mount_propagation": "None",
                                "name": "logstash-config",
                                "read_only": false,
                                "sub_path": "logstash.yml"
                              },
                              {
                                "mount_path": "/usr/share/logstash/config/pipelines.yml",
                                "mount_propagation": "None",
                                "name": "logstash-pipelines",
                                "read_only": false,
                                "sub_path": "pipelines.yml"
                              }
                            ],
                            "working_dir": ""
                          }
                        ],
                        "dns_config": [],
                        "dns_policy": "ClusterFirst",
                        "enable_service_links": true,
                        "host_aliases": [],
                        "host_ipc": false,
                        "host_network": false,
                        "host_pid": false,
                        "hostname": "",
                        "image_pull_secrets": [],
                        "init_container": [],
                        "node_name": "",
                        "node_selector": {},
                        "os": [],
                        "priority_class_name": "",
                        "readiness_gate": [],
                        "restart_policy": "Always",
                        "runtime_class_name": "",
                        "scheduler_name": "default-scheduler",
                        "security_context": [],
                        "service_account_name": "",
                        "share_process_namespace": false,
                        "subdomain": "",
                        "termination_grace_period_seconds": 30,
                        "toleration": [],
                        "topology_spread_constraint": [],
                        "volume": [
                          {
                            "aws_elastic_block_store": [],
                            "azure_disk": [],
                            "azure_file": [],
                            "ceph_fs": [],
                            "cinder": [],
                            "config_map": [
                              {
                                "default_mode": "0644",
                                "items": [],
                                "name": "logstash-pipeline-config",
                                "optional": false
                              }
                            ],
                            "csi": [],
                            "downward_api": [],
                            "empty_dir": [],
                            "ephemeral": [],
                            "fc": [],
                            "flex_volume": [],
                            "flocker": [],
                            "gce_persistent_disk": [],
                            "git_repo": [],
                            "glusterfs": [],
                            "host_path": [],
                            "iscsi": [],
                            "local": [],
                            "name": "logstash-pipeline",
                            "nfs": [],
                            "persistent_volume_claim": [],
                            "photon_persistent_disk": [],
                            "projected": [],
                            "quobyte": [],
                            "rbd": [],
                            "secret": [],
                            "vsphere_volume": []
                          },
                          {
                            "aws_elastic_block_store": [],
                            "azure_disk": [],
                            "azure_file": [],
                            "ceph_fs": [],
                            "cinder": [],
                            "config_map": [],
                            "csi": [],
                            "downward_api": [],
                            "empty_dir": [],
                            "ephemeral": [],
                            "fc": [],
                            "flex_volume": [],
                            "flocker": [],
                            "gce_persistent_disk": [],
                            "git_repo": [],
                            "glusterfs": [],
                            "host_path": [],
                            "iscsi": [],
                            "local": [],
                            "name": "logstash-data",
                            "nfs": [],
                            "persistent_volume_claim": [
                              {
                                "claim_name": "elk-data-pvc",
                                "read_only": false
                              }
                            ],
                            "photon_persistent_disk": [],
                            "projected": [],
                            "quobyte": [],
                            "rbd": [],
                            "secret": [],
                            "vsphere_volume": []
                          },
                          {
                            "aws_elastic_block_store": [],
                            "azure_disk": [],
                            "azure_file": [],
                            "ceph_fs": [],
                            "cinder": [],
                            "config_map": [],
                            "csi": [],
                            "downward_api": [],
                            "empty_dir": [],
                            "ephemeral": [],
                            "fc": [],
                            "flex_volume": [],
                            "flocker": [],
                            "gce_persistent_disk": [],
                            "git_repo": [],
                            "glusterfs": [],
                            "host_path": [],
                            "iscsi": [],
                            "local": [],
                            "name": "logstash-logs",
                            "nfs": [],
                            "persistent_volume_claim": [
                              {
                                "claim_name": "elk-logs-pvc",
                                "read_only": false
                              }
                            ],
                            "photon_persistent_disk": [],
                            "projected": [],
                            "quobyte": [],
                            "rbd": [],
                            "secret": [],
                            "vsphere_volume": []
                          },
                          {
                            "aws_elastic_block_store": [],
                            "azure_disk": [],
                            "azure_file": [],
                            "ceph_fs": [],
                            "cinder": [],
                            "config_map": [
                              {
                                "default_mode": "0644",
                                "items": [],
                                "name": "logstash-config",
                                "optional": false
                              }
                            ],
                            "csi": [],
                            "downward_api": [],
                            "empty_dir": [],
                            "ephemeral": [],
                            "fc": [],
                            "flex_volume": [],
                            "flocker": [],
                            "gce_persistent_disk": [],
                            "git_repo": [],
                            "glusterfs": [],
                            "host_path": [],
                            "iscsi": [],
                            "local": [],
                            "name": "logstash-config",
                            "nfs": [],
                            "persistent_volume_claim": [],
                            "photon_persistent_disk": [],
                            "projected": [],
                            "quobyte": [],
                            "rbd": [],
                            "secret": [],
                            "vsphere_volume": []
                          },
                          {
                            "aws_elastic_block_store": [],
                            "azure_disk": [],
                            "azure_file": [],
                            "ceph_fs": [],
                            "cinder": [],
                            "config_map": [
                              {
                                "default_mode": "0644",
                                "items": [],
                                "name": "logstash-pipelines",
                                "optional": false
                              }
                            ],
                            "csi": [],
                            "downward_api": [],
                            "empty_dir": [],
                            "ephemeral": [],
                            "fc": [],
                            "flex_volume": [],
                            "flocker": [],
                            "gce_persistent_disk": [],
                            "git_repo": [],
                            "glusterfs": [],
                            "host_path": [],
                            "iscsi": [],
                            "local": [],
                            "name": "logstash-pipelines",
                            "nfs": [],
                            "persistent_volume_claim": [],
                            "photon_persistent_disk": [],
                            "projected": [],
                            "quobyte": [],
                            "rbd": [],
                            "secret": [],
                            "vsphere_volume": []
                          }
                        ]
                      }
                    ]
                  }
                ]
              }
            ],
            "timeouts": null,
            "wait_for_rollout": true
          },
          "sensitive_attributes": [],
          "identity_schema_version": 0,
          "private": "eyJlMmJmYjczMC1lY2FhLTExZTYtOGY4OC0zNDM2M2JjN2M0YzAiOnsiY3JlYXRlIjo2MDAwMDAwMDAwMDAsImRlbGV0ZSI6NjAwMDAwMDAwMDAwLCJ1cGRhdGUiOjYwMDAwMDAwMDAwMH0sInNjaGVtYV92ZXJzaW9uIjoiMSJ9",
          "dependencies": [
            "azurerm_kubernetes_cluster.aks",
            "data.azurerm_kubernetes_cluster.aks_data",
            "data.azurerm_resource_group.main",
            "kubernetes_config_map.logstash_config",
            "kubernetes_config_map.logstash_config2",
            "kubernetes_config_map.logstash_pipelines",
            "kubernetes_persistent_volume_claim.elk_data_pvc",
            "kubernetes_persistent_volume_claim.elk_logs_pvc",
            "kubernetes_persistent_volume_claim.elk_pvc",
            "null_resource.aks_get_credentials"
          ]
        }
      ]
    },
    {
      "mode": "managed",
      "type": "kubernetes_persistent_volume_claim",
      "name": "elk_data_pvc",
      "provider": "provider[\"registry.terraform.io/hashicorp/kubernetes\"]",
      "instances": [
        {
          "schema_version": 0,
          "attributes": {
            "id": "default/elk-data-pvc",
            "metadata": [
              {
                "annotations": {},
                "generate_name": "",
                "generation": 0,
                "labels": {},
                "name": "elk-data-pvc",
                "namespace": "default",
                "resource_version": "1468",
                "uid": "93933296-917c-48cb-91de-414a60a846db"
              }
            ],
            "spec": [
              {
                "access_modes": [
                  "ReadWriteOnce"
                ],
                "resources": [
                  {
                    "limits": {},
                    "requests": {
                      "storage": "10Gi"
                    }
                  }
                ],
                "selector": [],
                "storage_class_name": "azurefile-csi",
                "volume_mode": "Filesystem",
                "volume_name": "pvc-93933296-917c-48cb-91de-414a60a846db"
              }
            ],
            "timeouts": null,
            "wait_until_bound": true
          },
          "sensitive_attributes": [],
          "identity_schema_version": 0,
          "private": "eyJlMmJmYjczMC1lY2FhLTExZTYtOGY4OC0zNDM2M2JjN2M0YzAiOnsiY3JlYXRlIjozMDAwMDAwMDAwMDB9fQ==",
          "dependencies": [
            "azurerm_kubernetes_cluster.aks",
            "data.azurerm_kubernetes_cluster.aks_data",
            "data.azurerm_resource_group.main",
            "null_resource.aks_get_credentials"
          ]
        }
      ]
    },
    {
      "mode": "managed",
      "type": "kubernetes_persistent_volume_claim",
      "name": "elk_logs_pvc",
      "provider": "provider[\"registry.terraform.io/hashicorp/kubernetes\"]",
      "instances": [
        {
          "schema_version": 0,
          "attributes": {
            "id": "default/elk-logs-pvc",
            "metadata": [
              {
                "annotations": {},
                "generate_name": "",
                "generation": 0,
                "labels": {},
                "name": "elk-logs-pvc",
                "namespace": "default",
                "resource_version": "1474",
                "uid": "1ffced04-dd2a-4af1-9af6-f0a1a571257b"
              }
            ],
            "spec": [
              {
                "access_modes": [
                  "ReadWriteOnce"
                ],
                "resources": [
                  {
                    "limits": {},
                    "requests": {
                      "storage": "5Gi"
                    }
                  }
                ],
                "selector": [],
                "storage_class_name": "azurefile-csi",
                "volume_mode": "Filesystem",
                "volume_name": "pvc-1ffced04-dd2a-4af1-9af6-f0a1a571257b"
              }
            ],
            "timeouts": null,
            "wait_until_bound": true
          },
          "sensitive_attributes": [],
          "identity_schema_version": 0,
          "private": "eyJlMmJmYjczMC1lY2FhLTExZTYtOGY4OC0zNDM2M2JjN2M0YzAiOnsiY3JlYXRlIjozMDAwMDAwMDAwMDB9fQ==",
          "dependencies": [
            "azurerm_kubernetes_cluster.aks",
            "data.azurerm_kubernetes_cluster.aks_data",
            "data.azurerm_resource_group.main",
            "null_resource.aks_get_credentials"
          ]
        }
      ]
    },
    {
      "mode": "managed",
      "type": "kubernetes_persistent_volume_claim",
      "name": "elk_pvc",
      "provider": "provider[\"registry.terraform.io/hashicorp/kubernetes\"]",
      "instances": [
        {
          "schema_version": 0,
          "attributes": {
            "id": "default/elk-pvc",
            "metadata": [
              {
                "annotations": {},
                "generate_name": "",
                "generation": 0,
                "labels": {},
                "name": "elk-pvc",
                "namespace": "default",
                "resource_version": "1479",
                "uid": "d1b36f38-331a-4b3a-ae92-c85cc523df7b"
              }
            ],
            "spec": [
              {
                "access_modes": [
                  "ReadWriteOnce"
                ],
                "resources": [
                  {
                    "limits": {},
                    "requests": {
                      "storage": "5Gi"
                    }
                  }
                ],
                "selector": [],
                "storage_class_name": "azurefile-csi",
                "volume_mode": "Filesystem",
                "volume_name": "pvc-d1b36f38-331a-4b3a-ae92-c85cc523df7b"
              }
            ],
            "timeouts": null,
            "wait_until_bound": true
          },
          "sensitive_attributes": [],
          "identity_schema_version": 0,
          "private": "eyJlMmJmYjczMC1lY2FhLTExZTYtOGY4OC0zNDM2M2JjN2M0YzAiOnsiY3JlYXRlIjozMDAwMDAwMDAwMDB9fQ==",
          "dependencies": [
            "azurerm_kubernetes_cluster.aks",
            "data.azurerm_kubernetes_cluster.aks_data",
            "data.azurerm_resource_group.main",
            "null_resource.aks_get_credentials"
          ]
        }
      ]
    },
    {
      "mode": "managed",
      "type": "kubernetes_service",
      "name": "elasticsearch",
      "provider": "provider[\"registry.terraform.io/hashicorp/kubernetes\"]",
      "instances": [
        {
          "schema_version": 1,
          "attributes": {
            "id": "default/elasticsearch",
            "metadata": [
              {
                "annotations": {},
                "generate_name": "",
                "generation": 0,
                "labels": {},
                "name": "elasticsearch",
                "namespace": "default",
                "resource_version": "1413",
                "uid": "69270fe2-6961-4754-8675-f6abf3bf1b8e"
              }
            ],
            "spec": [
              {
                "allocate_load_balancer_node_ports": true,
                "cluster_ip": "10.0.22.65",
                "cluster_ips": [
                  "10.0.22.65"
                ],
                "external_ips": [],
                "external_name": "",
                "external_traffic_policy": "Cluster",
                "health_check_node_port": 0,
                "internal_traffic_policy": "Cluster",
                "ip_families": [
                  "IPv4"
                ],
                "ip_family_policy": "SingleStack",
                "load_balancer_class": "",
                "load_balancer_ip": "",
                "load_balancer_source_ranges": [],
                "port": [
                  {
                    "app_protocol": "",
                    "name": "",
                    "node_port": 30522,
                    "port": 9200,
                    "protocol": "TCP",
                    "target_port": "9200"
                  }
                ],
                "publish_not_ready_addresses": false,
                "selector": {
                  "app": "elasticsearch"
                },
                "session_affinity": "None",
                "session_affinity_config": [],
                "type": "LoadBalancer"
              }
            ],
            "status": [
              {
                "load_balancer": [
                  {
                    "ingress": [
                      {
                        "hostname": "",
                        "ip": "4.175.188.211"
                      }
                    ]
                  }
                ]
              }
            ],
            "timeouts": null,
            "wait_for_load_balancer": true
          },
          "sensitive_attributes": [],
          "identity_schema_version": 0,
          "private": "eyJlMmJmYjczMC1lY2FhLTExZTYtOGY4OC0zNDM2M2JjN2M0YzAiOnsiY3JlYXRlIjo2MDAwMDAwMDAwMDB9LCJzY2hlbWFfdmVyc2lvbiI6IjEifQ==",
          "dependencies": [
            "azurerm_kubernetes_cluster.aks",
            "data.azurerm_kubernetes_cluster.aks_data",
            "data.azurerm_resource_group.main"
          ]
        }
      ]
    },
    {
      "mode": "managed",
      "type": "kubernetes_service",
      "name": "elasticsearch_alt",
      "provider": "provider[\"registry.terraform.io/hashicorp/kubernetes\"]",
      "instances": [
        {
          "schema_version": 1,
          "attributes": {
            "id": "default/elasticsearch-alt",
            "metadata": [
              {
                "annotations": {},
                "generate_name": "",
                "generation": 0,
                "labels": {},
                "name": "elasticsearch-alt",
                "namespace": "default",
                "resource_version": "1492",
                "uid": "13ea3646-5ffe-4688-a72c-5a5a39e32d9c"
              }
            ],
            "spec": [
              {
                "allocate_load_balancer_node_ports": true,
                "cluster_ip": "10.0.131.98",
                "cluster_ips": [
                  "10.0.131.98"
                ],
                "external_ips": [],
                "external_name": "",
                "external_traffic_policy": "",
                "health_check_node_port": 0,
                "internal_traffic_policy": "Cluster",
                "ip_families": [
                  "IPv4"
                ],
                "ip_family_policy": "SingleStack",
                "load_balancer_class": "",
                "load_balancer_ip": "",
                "load_balancer_source_ranges": [],
                "port": [
                  {
                    "app_protocol": "",
                    "name": "",
                    "node_port": 0,
                    "port": 9200,
                    "protocol": "TCP",
                    "target_port": "9200"
                  }
                ],
                "publish_not_ready_addresses": false,
                "selector": {
                  "app": "elasticsearch-alt"
                },
                "session_affinity": "None",
                "session_affinity_config": [],
                "type": "ClusterIP"
              }
            ],
            "status": [
              {
                "load_balancer": [
                  {
                    "ingress": []
                  }
                ]
              }
            ],
            "timeouts": null,
            "wait_for_load_balancer": true
          },
          "sensitive_attributes": [],
          "identity_schema_version": 0,
          "private": "eyJlMmJmYjczMC1lY2FhLTExZTYtOGY4OC0zNDM2M2JjN2M0YzAiOnsiY3JlYXRlIjo2MDAwMDAwMDAwMDB9LCJzY2hlbWFfdmVyc2lvbiI6IjEifQ==",
          "dependencies": [
            "azurerm_kubernetes_cluster.aks",
            "data.azurerm_kubernetes_cluster.aks_data",
            "data.azurerm_resource_group.main",
            "kubernetes_persistent_volume_claim.elk_pvc",
            "null_resource.aks_get_credentials"
          ]
        }
      ]
    },
    {
      "mode": "managed",
      "type": "kubernetes_service",
      "name": "kibana",
      "provider": "provider[\"registry.terraform.io/hashicorp/kubernetes\"]",
      "instances": [
        {
          "schema_version": 1,
          "attributes": {
            "id": "default/kibana",
            "metadata": [
              {
                "annotations": {},
                "generate_name": "",
                "generation": 0,
                "labels": {},
                "name": "kibana",
                "namespace": "default",
                "resource_version": "1452",
                "uid": "f1c815be-4c97-458b-b87c-c17ac535b43c"
              }
            ],
            "spec": [
              {
                "allocate_load_balancer_node_ports": true,
                "cluster_ip": "10.0.67.6",
                "cluster_ips": [
                  "10.0.67.6"
                ],
                "external_ips": [],
                "external_name": "",
                "external_traffic_policy": "Cluster",
                "health_check_node_port": 0,
                "internal_traffic_policy": "Cluster",
                "ip_families": [
                  "IPv4"
                ],
                "ip_family_policy": "SingleStack",
                "load_balancer_class": "",
                "load_balancer_ip": "",
                "load_balancer_source_ranges": [],
                "port": [
                  {
                    "app_protocol": "",
                    "name": "",
                    "node_port": 30240,
                    "port": 5601,
                    "protocol": "TCP",
                    "target_port": "5601"
                  }
                ],
                "publish_not_ready_addresses": false,
                "selector": {
                  "app": "kibana"
                },
                "session_affinity": "None",
                "session_affinity_config": [],
                "type": "LoadBalancer"
              }
            ],
            "status": [
              {
                "load_balancer": [
                  {
                    "ingress": [
                      {
                        "hostname": "",
                        "ip": "74.178.251.213"
                      }
                    ]
                  }
                ]
              }
            ],
            "timeouts": null,
            "wait_for_load_balancer": true
          },
          "sensitive_attributes": [],
          "identity_schema_version": 0,
          "private": "eyJlMmJmYjczMC1lY2FhLTExZTYtOGY4OC0zNDM2M2JjN2M0YzAiOnsiY3JlYXRlIjo2MDAwMDAwMDAwMDB9LCJzY2hlbWFfdmVyc2lvbiI6IjEifQ==",
          "dependencies": [
            "azurerm_kubernetes_cluster.aks",
            "data.azurerm_kubernetes_cluster.aks_data",
            "data.azurerm_resource_group.main"
          ]
        }
      ]
    },
    {
      "mode": "managed",
      "type": "kubernetes_service",
      "name": "kibana_alt",
      "provider": "provider[\"registry.terraform.io/hashicorp/kubernetes\"]",
      "instances": [
        {
          "schema_version": 1,
          "attributes": {
            "id": "default/kibana-alt",
            "metadata": [
              {
                "annotations": {},
                "generate_name": "",
                "generation": 0,
                "labels": {},
                "name": "kibana-alt",
                "namespace": "default",
                "resource_version": "1490",
                "uid": "c9413610-c2b2-4ca2-b6de-12ae0c28fa63"
              }
            ],
            "spec": [
              {
                "allocate_load_balancer_node_ports": true,
                "cluster_ip": "10.0.252.178",
                "cluster_ips": [
                  "10.0.252.178"
                ],
                "external_ips": [],
                "external_name": "",
                "external_traffic_policy": "",
                "health_check_node_port": 0,
                "internal_traffic_policy": "Cluster",
                "ip_families": [
                  "IPv4"
                ],
                "ip_family_policy": "SingleStack",
                "load_balancer_class": "",
                "load_balancer_ip": "",
                "load_balancer_source_ranges": [],
                "port": [
                  {
                    "app_protocol": "",
                    "name": "",
                    "node_port": 0,
                    "port": 5601,
                    "protocol": "TCP",
                    "target_port": "5601"
                  }
                ],
                "publish_not_ready_addresses": false,
                "selector": {
                  "app": "kibana-alt"
                },
                "session_affinity": "None",
                "session_affinity_config": [],
                "type": "ClusterIP"
              }
            ],
            "status": [
              {
                "load_balancer": [
                  {
                    "ingress": []
                  }
                ]
              }
            ],
            "timeouts": null,
            "wait_for_load_balancer": true
          },
          "sensitive_attributes": [],
          "identity_schema_version": 0,
          "private": "eyJlMmJmYjczMC1lY2FhLTExZTYtOGY4OC0zNDM2M2JjN2M0YzAiOnsiY3JlYXRlIjo2MDAwMDAwMDAwMDB9LCJzY2hlbWFfdmVyc2lvbiI6IjEifQ==",
          "dependencies": [
            "azurerm_kubernetes_cluster.aks",
            "data.azurerm_kubernetes_cluster.aks_data",
            "data.azurerm_resource_group.main",
            "kubernetes_persistent_volume_claim.elk_pvc",
            "null_resource.aks_get_credentials"
          ]
        }
      ]
    },
    {
      "mode": "managed",
      "type": "kubernetes_service",
      "name": "logstash",
      "provider": "provider[\"registry.terraform.io/hashicorp/kubernetes\"]",
      "instances": [
        {
          "schema_version": 1,
          "attributes": {
            "id": "default/logstash",
            "metadata": [
              {
                "annotations": {},
                "generate_name": "",
                "generation": 0,
                "labels": {},
                "name": "logstash",
                "namespace": "default",
                "resource_version": "1576",
                "uid": "2d81ab54-af8a-4295-b415-ceb0e83250d6"
              }
            ],
            "spec": [
              {
                "allocate_load_balancer_node_ports": true,
                "cluster_ip": "10.0.67.196",
                "cluster_ips": [
                  "10.0.67.196"
                ],
                "external_ips": [],
                "external_name": "",
                "external_traffic_policy": "Cluster",
                "health_check_node_port": 0,
                "internal_traffic_policy": "Cluster",
                "ip_families": [
                  "IPv4"
                ],
                "ip_family_policy": "SingleStack",
                "load_balancer_class": "",
                "load_balancer_ip": "",
                "load_balancer_source_ranges": [],
                "port": [
                  {
                    "app_protocol": "",
                    "name": "api",
                    "node_port": 31672,
                    "port": 9600,
                    "protocol": "TCP",
                    "target_port": "9600"
                  },
                  {
                    "app_protocol": "",
                    "name": "beats",
                    "node_port": 30158,
                    "port": 5044,
                    "protocol": "TCP",
                    "target_port": "5044"
                  },
                  {
                    "app_protocol": "",
                    "name": "syslog",
                    "node_port": 32357,
                    "port": 5514,
                    "protocol": "TCP",
                    "target_port": "5514"
                  }
                ],
                "publish_not_ready_addresses": false,
                "selector": {
                  "app": "logstash"
                },
                "session_affinity": "None",
                "session_affinity_config": [],
                "type": "LoadBalancer"
              }
            ],
            "status": [
              {
                "load_balancer": [
                  {
                    "ingress": [
                      {
                        "hostname": "",
                        "ip": "50.85.157.37"
                      }
                    ]
                  }
                ]
              }
            ],
            "timeouts": null,
            "wait_for_load_balancer": true
          },
          "sensitive_attributes": [],
          "identity_schema_version": 0,
          "private": "eyJlMmJmYjczMC1lY2FhLTExZTYtOGY4OC0zNDM2M2JjN2M0YzAiOnsiY3JlYXRlIjo2MDAwMDAwMDAwMDB9LCJzY2hlbWFfdmVyc2lvbiI6IjEifQ==",
          "dependencies": [
            "azurerm_kubernetes_cluster.aks",
            "data.azurerm_kubernetes_cluster.aks_data",
            "data.azurerm_resource_group.main"
          ]
        }
      ]
    },
    {
      "mode": "managed",
      "type": "kubernetes_service",
      "name": "logstash_alt",
      "provider": "provider[\"registry.terraform.io/hashicorp/kubernetes\"]",
      "instances": [
        {
          "schema_version": 1,
          "attributes": {
            "id": "default/logstash-alt",
            "metadata": [
              {
                "annotations": {},
                "generate_name": "",
                "generation": 0,
                "labels": {},
                "name": "logstash-alt",
                "namespace": "default",
                "resource_version": "1498",
                "uid": "69305465-dde7-4ab9-acbd-ed6cf7177bd5"
              }
            ],
            "spec": [
              {
                "allocate_load_balancer_node_ports": true,
                "cluster_ip": "10.0.103.95",
                "cluster_ips": [
                  "10.0.103.95"
                ],
                "external_ips": [],
                "external_name": "",
                "external_traffic_policy": "",
                "health_check_node_port": 0,
                "internal_traffic_policy": "Cluster",
                "ip_families": [
                  "IPv4"
                ],
                "ip_family_policy": "SingleStack",
                "load_balancer_class": "",
                "load_balancer_ip": "",
                "load_balancer_source_ranges": [],
                "port": [
                  {
                    "app_protocol": "",
                    "name": "",
                    "node_port": 0,
                    "port": 5044,
                    "protocol": "TCP",
                    "target_port": "5044"
                  }
                ],
                "publish_not_ready_addresses": false,
                "selector": {
                  "app": "logstash-alt"
                },
                "session_affinity": "None",
                "session_affinity_config": [],
                "type": "ClusterIP"
              }
            ],
            "status": [
              {
                "load_balancer": [
                  {
                    "ingress": []
                  }
                ]
              }
            ],
            "timeouts": null,
            "wait_for_load_balancer": true
          },
          "sensitive_attributes": [],
          "identity_schema_version": 0,
          "private": "eyJlMmJmYjczMC1lY2FhLTExZTYtOGY4OC0zNDM2M2JjN2M0YzAiOnsiY3JlYXRlIjo2MDAwMDAwMDAwMDB9LCJzY2hlbWFfdmVyc2lvbiI6IjEifQ==",
          "dependencies": [
            "azurerm_kubernetes_cluster.aks",
            "data.azurerm_kubernetes_cluster.aks_data",
            "data.azurerm_resource_group.main",
            "kubernetes_persistent_volume_claim.elk_pvc",
            "null_resource.aks_get_credentials"
          ]
        }
      ]
    },
    {
      "mode": "managed",
      "type": "local_file",
      "name": "syslog_vm_private_key",
      "provider": "provider[\"registry.terraform.io/hashicorp/local\"]",
      "instances": [
        {
          "schema_version": 0,
          "attributes": {
            "content": "-----BEGIN RSA PRIVATE KEY-----\nMIIEowIBAAKCAQEAqofIQiLOyAerhr7h5KM/KA5RP9yJ+I8l1UtEbrHSV5/sVUHo\nnQfYhCJy0lDEyBmhjW0wApqlqfHpS2MV6btWChfC9lgULK3n+VjQWpjuXY96jlpA\n6O9y5OGLhyyaTghUjkxLenrHTelksHroS3qT9B2yc0Vr5wLBkAniISp6Q2/YmenD\n1jQ+QAWc+X4XoYXq/FtpH4QAojV5okALDyDYNGPURzvK7bJ1ju55+1zFCcr1gzuH\nGl/ZRMKL3TSKEvrqBUSrS30ZBZVWEaspAv6B7i4ypmf3/BgBPhGYikiQJCehL3eR\nJoLE1YkDU5kKu+8ByEBQCEhF7fjCXNJVK/MzhwIDAQABAoIBAAL5YUW+A6s7bwNn\nmtr4+eYB8erSNtnN7VP9/xCLK2b51A5cmuj6NQ2A6E3AuN3gjI/B4r944QDIxk/Z\nR42PBd4hMfZH7PomglA3+1JJLocVNIb9DfrCClfxkxRlc79+p7Lfo8VcFNPICUiG\nrDx8w83TIsSd5lbeFnAjq/z2F7HLX0kdKQ4qLljzJet5rHZKBgO3xrvungM6EPN1\nNJ4nGHOaRSfAhxX1DSVCwBrRH5QS4QWbPBxJwk/hub19LUgL57ykr1O9i+gxsN9O\nSUMtN4+RiRk9uJoI4vwqkoz7UKsN0Iw4hHAJbzxBtCCdicWMSl0Zw2tgbBZpMeiY\nSwt/ItECgYEA2mx137UcEcAg/Fr6fbrdMDsoqJznTjAKRv7+37HPh4UsuyF0do52\nuKJtLWXyU+MwYpP1Wfzjdd6jqDMkXN1XgETzqtJ4O3WivoC1/58oEbMK+EAkmoXd\n/oN8+YaXd4mb6YoTsoBSr0ZF3GKGUKm3EJwpdgaOHjLM1vgk4mNeOOkCgYEAx94R\nFOHhokeQqshDjyifQTIggk+xF0SvTSxKVdbGUTMycvSTZ4Zl0lryUrpR8MVMKY8h\n9Mf1MuCf+1t3s/2agLKPRc8NdJPYX1mZ4Lgq70VrMpxH4TZJAyo3vHRhN23eARnX\nSrQaTEcoMIBEI1GWs7dfE/vwefdbVHuzk4fQQu8CgYBgTjIq0M/vg6cHnZWUmi+s\ndGkY7xWNg+EELKp0NxIpzq5KVBXlsCrofbVlru2Jz0ImNNaZNseT0PaX0vTVfUJ3\na++EAgjBLrzzAg09CA/Cvg64Jo/9Eckvzwnre0yNiD8WWasVqT7LyVBEO6y9JBdz\nW2dsgrdm2T84CXE54FZLAQKBgQCVVxe6W8FlqUWuZm8cpATDCTqDRBqVwUufRW3R\nz+ZlO/UBMkCGBUVFtZEFQZUCa9mp3/pGVbagKnk/rqu1wNPWQBWP2tM5/VKahG/X\nGqVyHZOowF9xJ0fM5pm45djSOvS8K9vTRNm1jyG3g8/l+Au8A1M2snSQHcSPTtLy\ndHOn3wKBgAv1UGFPxx21CmE2FJANuxS3FxsodR7lOen5JWnTgEjjysnMPKkThQxr\nW9O/miKAj5unW7j3RHRXGzxmGKpyIVFydXwZI9CpFJTI4OPDN44j1fyfbQe0bTkE\nOuTnWJkLzzHUrd2bYFcIDdMVE2yAHssgUNF+1VFxtRx3ZYTBYnDH\n-----END RSA PRIVATE KEY-----\n",
            "content_base64": null,
            "content_base64sha256": "txs79fIsGKGZWB/A4Y+khWsCqPbnUIAhL0tRZeMS3NM=",
            "content_base64sha512": "qXBXVUlNH6brEfXf4AI6LiVfkqyPH0KXPBBS2WoQoP2PB3zRPZHpL09VfggM4nbZHGsmjO0AAd6U9DnqL6UtAw==",
            "content_md5": "57d80d0aa33675318a4e30535d5de7f2",
            "content_sha1": "429da60f197da83d519df3882cfe82f61977a64e",
            "content_sha256": "b71b3bf5f22c18a199581fc0e18fa4856b02a8f6e75080212f4b5165e312dcd3",
            "content_sha512": "a9705755494d1fa6eb11f5dfe0023a2e255f92ac8f1f42973c1052d96a10a0fd8f077cd13d91e92f4f557e080ce276d91c6b268ced0001de94f439ea2fa52d03",
            "directory_permission": "0777",
            "file_permission": "0600",
            "filename": "./ssh/syslog_vm_id_rsa",
            "id": "429da60f197da83d519df3882cfe82f61977a64e",
            "sensitive_content": null,
            "source": null
          },
          "sensitive_attributes": [
            [
              {
                "type": "get_attr",
                "value": "content"
              }
            ],
            [
              {
                "type": "get_attr",
                "value": "sensitive_content"
              }
            ]
          ],
          "identity_schema_version": 0,
          "dependencies": [
            "tls_private_key.syslog_vm_key"
          ]
        }
      ]
    },
    {
      "mode": "managed",
      "type": "local_file",
      "name": "syslog_vm_public_key",
      "provider": "provider[\"registry.terraform.io/hashicorp/local\"]",
      "instances": [
        {
          "schema_version": 0,
          "attributes": {
            "content": "ssh-rsa AAAAB3NzaC1yc2EAAAADAQABAAABAQCqh8hCIs7IB6uGvuHkoz8oDlE/3In4jyXVS0RusdJXn+xVQeidB9iEInLSUMTIGaGNbTACmqWp8elLYxXpu1YKF8L2WBQsref5WNBamO5dj3qOWkDo73Lk4YuHLJpOCFSOTEt6esdN6WSweuhLepP0HbJzRWvnAsGQCeIhKnpDb9iZ6cPWND5ABZz5fhehher8W2kfhACiNXmiQAsPINg0Y9RHO8rtsnWO7nn7XMUJyvWDO4caX9lEwovdNIoS+uoFRKtLfRkFlVYRqykC/oHuLjKmZ/f8GAE+EZiKSJAkJ6Evd5EmgsTViQNTmQq77wHIQFAISEXt+MJc0lUr8zOH\n",
            "content_base64": null,
            "content_base64sha256": "CqVHohiKLSBbTk6iHAFf6n5R7IId4i2U+rWHm5WC2RQ=",
            "content_base64sha512": "vsAwMj8FxK0bhFjy++TPDG5tosHpfuFprH58wubx1XmXWk1P3cGYljw8JzQvNApSDQ3MoVxK6wAycW+BI20EEw==",
            "content_md5": "66972520dbe964f9653bceec0b1f6d50",
            "content_sha1": "f4750e07f0af167bd3eb5ad0d937e7aa5d865cb7",
            "content_sha256": "0aa547a2188a2d205b4e4ea21c015fea7e51ec821de22d94fab5879b9582d914",
            "content_sha512": "bec030323f05c4ad1b8458f2fbe4cf0c6e6da2c1e97ee169ac7e7cc2e6f1d579975a4d4fddc198963c3c27342f340a520d0dcca15c4aeb0032716f81236d0413",
            "directory_permission": "0777",
            "file_permission": "0777",
            "filename": "./ssh/syslog_vm_id_rsa.pub",
            "id": "f4750e07f0af167bd3eb5ad0d937e7aa5d865cb7",
            "sensitive_content": null,
            "source": null
          },
          "sensitive_attributes": [
            [
              {
                "type": "get_attr",
                "value": "sensitive_content"
              }
            ]
          ],
          "identity_schema_version": 0,
          "dependencies": [
            "tls_private_key.syslog_vm_key"
          ]
        }
      ]
    },
    {
      "mode": "managed",
      "type": "null_resource",
      "name": "aks_get_credentials",
      "provider": "provider[\"registry.terraform.io/hashicorp/null\"]",
      "instances": [
        {
          "schema_version": 0,
          "attributes": {
            "id": "1382129949244625579",
            "triggers": null
          },
          "sensitive_attributes": [],
          "identity_schema_version": 0,
          "dependencies": [
            "azurerm_kubernetes_cluster.aks",
            "data.azurerm_resource_group.main"
          ]
        }
      ]
    },
    {
      "mode": "managed",
      "type": "null_resource",
      "name": "set_subscription",
      "provider": "provider[\"registry.terraform.io/hashicorp/null\"]",
      "instances": [
        {
          "schema_version": 0,
          "attributes": {
            "id": "3212119868983652051",
            "triggers": null
          },
          "sensitive_attributes": [],
          "identity_schema_version": 0
        }
      ]
    },
    {
      "mode": "managed",
      "type": "null_resource",
      "name": "wait_for_elasticsearch_pod",
      "provider": "provider[\"registry.terraform.io/hashicorp/null\"]",
      "instances": [
        {
          "schema_version": 0,
          "attributes": {
            "id": "8151564637588329093",
            "triggers": null
          },
          "sensitive_attributes": [],
          "identity_schema_version": 0,
          "dependencies": [
            "azurerm_kubernetes_cluster.aks",
            "data.azurerm_kubernetes_cluster.aks_data",
            "data.azurerm_resource_group.main",
            "kubernetes_config_map.elasticsearch_config",
            "kubernetes_deployment.elasticsearch2",
            "kubernetes_persistent_volume_claim.elk_data_pvc",
            "kubernetes_persistent_volume_claim.elk_logs_pvc",
            "null_resource.aks_get_credentials"
          ]
        }
      ]
    },
    {
      "mode": "managed",
      "type": "null_resource",
      "name": "wait_for_kibana_pod",
      "provider": "provider[\"registry.terraform.io/hashicorp/null\"]",
      "instances": [
        {
          "schema_version": 0,
          "attributes": {
            "id": "4709236605564691292",
            "triggers": null
          },
          "sensitive_attributes": [],
          "identity_schema_version": 0,
          "dependencies": [
            "azurerm_kubernetes_cluster.aks",
            "data.azurerm_kubernetes_cluster.aks_data",
            "data.azurerm_resource_group.main",
            "kubernetes_deployment.kibana2",
            "kubernetes_persistent_volume_claim.elk_data_pvc",
            "null_resource.aks_get_credentials"
          ]
        }
      ]
    },
    {
      "mode": "managed",
      "type": "tls_private_key",
      "name": "syslog_vm_key",
      "provider": "provider[\"registry.terraform.io/hashicorp/tls\"]",
      "instances": [
        {
          "schema_version": 1,
          "attributes": {
            "algorithm": "RSA",
            "ecdsa_curve": "P224",
            "id": "ac798ca78ff128764cb77cef6ce8d72d06761a41",
            "private_key_openssh": "-----BEGIN OPENSSH PRIVATE KEY-----\nb3BlbnNzaC1rZXktdjEAAAAABG5vbmUAAAAEbm9uZQAAAAAAAAABAAABFwAAAAdz\nc2gtcnNhAAAAAwEAAQAAAQEAqofIQiLOyAerhr7h5KM/KA5RP9yJ+I8l1UtEbrHS\nV5/sVUHonQfYhCJy0lDEyBmhjW0wApqlqfHpS2MV6btWChfC9lgULK3n+VjQWpju\nXY96jlpA6O9y5OGLhyyaTghUjkxLenrHTelksHroS3qT9B2yc0Vr5wLBkAniISp6\nQ2/YmenD1jQ+QAWc+X4XoYXq/FtpH4QAojV5okALDyDYNGPURzvK7bJ1ju55+1zF\nCcr1gzuHGl/ZRMKL3TSKEvrqBUSrS30ZBZVWEaspAv6B7i4ypmf3/BgBPhGYikiQ\nJCehL3eRJoLE1YkDU5kKu+8ByEBQCEhF7fjCXNJVK/MzhwAAA7jeuB+N3rgfjQAA\nAAdzc2gtcnNhAAABAQCqh8hCIs7IB6uGvuHkoz8oDlE/3In4jyXVS0RusdJXn+xV\nQeidB9iEInLSUMTIGaGNbTACmqWp8elLYxXpu1YKF8L2WBQsref5WNBamO5dj3qO\nWkDo73Lk4YuHLJpOCFSOTEt6esdN6WSweuhLepP0HbJzRWvnAsGQCeIhKnpDb9iZ\n6cPWND5ABZz5fhehher8W2kfhACiNXmiQAsPINg0Y9RHO8rtsnWO7nn7XMUJyvWD\nO4caX9lEwovdNIoS+uoFRKtLfRkFlVYRqykC/oHuLjKmZ/f8GAE+EZiKSJAkJ6Ev\nd5EmgsTViQNTmQq77wHIQFAISEXt+MJc0lUr8zOHAAAAAwEAAQAAAQAC+WFFvgOr\nO28DZ5ra+PnmAfHq0jbZze1T/f8Qiytm+dQOXJro+jUNgOhNwLjd4IyPweK/eOEA\nyMZP2UeNjwXeITH2R+z6JoJQN/tSSS6HFTSG/Q36wgpX8ZMUZXO/fqey36PFXBTT\nyAlIhqw8fMPN0yLEneZW3hZwI6v89hexy19JHSkOKi5Y8yXreax2SgYDt8a77p4D\nOhDzdTSeJxhzmkUnwIcV9Q0lQsAa0R+UEuEFmzwcScJP4bm9fS1IC+e8pK9TvYvo\nMbDfTklDLTePkYkZPbiaCOL8KpKM+1CrDdCMOIRwCW88QbQgnYnFjEpdGcNrYGwW\naTHomEsLfyLRAAAAgAv1UGFPxx21CmE2FJANuxS3FxsodR7lOen5JWnTgEjjysnM\nPKkThQxrW9O/miKAj5unW7j3RHRXGzxmGKpyIVFydXwZI9CpFJTI4OPDN44j1fyf\nbQe0bTkEOuTnWJkLzzHUrd2bYFcIDdMVE2yAHssgUNF+1VFxtRx3ZYTBYnDHAAAA\ngQDabHXftRwRwCD8Wvp9ut0wOyionOdOMApG/v7fsc+HhSy7IXR2jna4om0tZfJT\n4zBik/VZ/ON13qOoMyRc3VeARPOq0ng7daK+gLX/nygRswr4QCSahd3+g3z5hpd3\niZvpihOygFKvRkXcYoZQqbcQnCl2Bo4eMszW+CTiY1446QAAAIEAx94RFOHhokeQ\nqshDjyifQTIggk+xF0SvTSxKVdbGUTMycvSTZ4Zl0lryUrpR8MVMKY8h9Mf1MuCf\n+1t3s/2agLKPRc8NdJPYX1mZ4Lgq70VrMpxH4TZJAyo3vHRhN23eARnXSrQaTEco\nMIBEI1GWs7dfE/vwefdbVHuzk4fQQu8AAAAAAQID\n-----END OPENSSH PRIVATE KEY-----\n",
            "private_key_pem": "-----BEGIN RSA PRIVATE KEY-----\nMIIEowIBAAKCAQEAqofIQiLOyAerhr7h5KM/KA5RP9yJ+I8l1UtEbrHSV5/sVUHo\nnQfYhCJy0lDEyBmhjW0wApqlqfHpS2MV6btWChfC9lgULK3n+VjQWpjuXY96jlpA\n6O9y5OGLhyyaTghUjkxLenrHTelksHroS3qT9B2yc0Vr5wLBkAniISp6Q2/YmenD\n1jQ+QAWc+X4XoYXq/FtpH4QAojV5okALDyDYNGPURzvK7bJ1ju55+1zFCcr1gzuH\nGl/ZRMKL3TSKEvrqBUSrS30ZBZVWEaspAv6B7i4ypmf3/BgBPhGYikiQJCehL3eR\nJoLE1YkDU5kKu+8ByEBQCEhF7fjCXNJVK/MzhwIDAQABAoIBAAL5YUW+A6s7bwNn\nmtr4+eYB8erSNtnN7VP9/xCLK2b51A5cmuj6NQ2A6E3AuN3gjI/B4r944QDIxk/Z\nR42PBd4hMfZH7PomglA3+1JJLocVNIb9DfrCClfxkxRlc79+p7Lfo8VcFNPICUiG\nrDx8w83TIsSd5lbeFnAjq/z2F7HLX0kdKQ4qLljzJet5rHZKBgO3xrvungM6EPN1\nNJ4nGHOaRSfAhxX1DSVCwBrRH5QS4QWbPBxJwk/hub19LUgL57ykr1O9i+gxsN9O\nSUMtN4+RiRk9uJoI4vwqkoz7UKsN0Iw4hHAJbzxBtCCdicWMSl0Zw2tgbBZpMeiY\nSwt/ItECgYEA2mx137UcEcAg/Fr6fbrdMDsoqJznTjAKRv7+37HPh4UsuyF0do52\nuKJtLWXyU+MwYpP1Wfzjdd6jqDMkXN1XgETzqtJ4O3WivoC1/58oEbMK+EAkmoXd\n/oN8+YaXd4mb6YoTsoBSr0ZF3GKGUKm3EJwpdgaOHjLM1vgk4mNeOOkCgYEAx94R\nFOHhokeQqshDjyifQTIggk+xF0SvTSxKVdbGUTMycvSTZ4Zl0lryUrpR8MVMKY8h\n9Mf1MuCf+1t3s/2agLKPRc8NdJPYX1mZ4Lgq70VrMpxH4TZJAyo3vHRhN23eARnX\nSrQaTEcoMIBEI1GWs7dfE/vwefdbVHuzk4fQQu8CgYBgTjIq0M/vg6cHnZWUmi+s\ndGkY7xWNg+EELKp0NxIpzq5KVBXlsCrofbVlru2Jz0ImNNaZNseT0PaX0vTVfUJ3\na++EAgjBLrzzAg09CA/Cvg64Jo/9Eckvzwnre0yNiD8WWasVqT7LyVBEO6y9JBdz\nW2dsgrdm2T84CXE54FZLAQKBgQCVVxe6W8FlqUWuZm8cpATDCTqDRBqVwUufRW3R\nz+ZlO/UBMkCGBUVFtZEFQZUCa9mp3/pGVbagKnk/rqu1wNPWQBWP2tM5/VKahG/X\nGqVyHZOowF9xJ0fM5pm45djSOvS8K9vTRNm1jyG3g8/l+Au8A1M2snSQHcSPTtLy\ndHOn3wKBgAv1UGFPxx21CmE2FJANuxS3FxsodR7lOen5JWnTgEjjysnMPKkThQxr\nW9O/miKAj5unW7j3RHRXGzxmGKpyIVFydXwZI9CpFJTI4OPDN44j1fyfbQe0bTkE\nOuTnWJkLzzHUrd2bYFcIDdMVE2yAHssgUNF+1VFxtRx3ZYTBYnDH\n-----END RSA PRIVATE KEY-----\n",
            "private_key_pem_pkcs8": "-----BEGIN PRIVATE KEY-----\nMIIEvQIBADANBgkqhkiG9w0BAQEFAASCBKcwggSjAgEAAoIBAQCqh8hCIs7IB6uG\nvuHkoz8oDlE/3In4jyXVS0RusdJXn+xVQeidB9iEInLSUMTIGaGNbTACmqWp8elL\nYxXpu1YKF8L2WBQsref5WNBamO5dj3qOWkDo73Lk4YuHLJpOCFSOTEt6esdN6WSw\neuhLepP0HbJzRWvnAsGQCeIhKnpDb9iZ6cPWND5ABZz5fhehher8W2kfhACiNXmi\nQAsPINg0Y9RHO8rtsnWO7nn7XMUJyvWDO4caX9lEwovdNIoS+uoFRKtLfRkFlVYR\nqykC/oHuLjKmZ/f8GAE+EZiKSJAkJ6Evd5EmgsTViQNTmQq77wHIQFAISEXt+MJc\n0lUr8zOHAgMBAAECggEAAvlhRb4DqztvA2ea2vj55gHx6tI22c3tU/3/EIsrZvnU\nDlya6Po1DYDoTcC43eCMj8Hiv3jhAMjGT9lHjY8F3iEx9kfs+iaCUDf7UkkuhxU0\nhv0N+sIKV/GTFGVzv36nst+jxVwU08gJSIasPHzDzdMixJ3mVt4WcCOr/PYXsctf\nSR0pDiouWPMl63msdkoGA7fGu+6eAzoQ83U0nicYc5pFJ8CHFfUNJULAGtEflBLh\nBZs8HEnCT+G5vX0tSAvnvKSvU72L6DGw305JQy03j5GJGT24mgji/CqSjPtQqw3Q\njDiEcAlvPEG0IJ2JxYxKXRnDa2BsFmkx6JhLC38i0QKBgQDabHXftRwRwCD8Wvp9\nut0wOyionOdOMApG/v7fsc+HhSy7IXR2jna4om0tZfJT4zBik/VZ/ON13qOoMyRc\n3VeARPOq0ng7daK+gLX/nygRswr4QCSahd3+g3z5hpd3iZvpihOygFKvRkXcYoZQ\nqbcQnCl2Bo4eMszW+CTiY1446QKBgQDH3hEU4eGiR5CqyEOPKJ9BMiCCT7EXRK9N\nLEpV1sZRMzJy9JNnhmXSWvJSulHwxUwpjyH0x/Uy4J/7W3ez/ZqAso9Fzw10k9hf\nWZnguCrvRWsynEfhNkkDKje8dGE3bd4BGddKtBpMRygwgEQjUZazt18T+/B591tU\ne7OTh9BC7wKBgGBOMirQz++DpwedlZSaL6x0aRjvFY2D4QQsqnQ3EinOrkpUFeWw\nKuh9tWWu7YnPQiY01pk2x5PQ9pfS9NV9Qndr74QCCMEuvPMCDT0ID8K+Drgmj/0R\nyS/PCet7TI2IPxZZqxWpPsvJUEQ7rL0kF3NbZ2yCt2bZPzgJcTngVksBAoGBAJVX\nF7pbwWWpRa5mbxykBMMJOoNEGpXBS59FbdHP5mU79QEyQIYFRUW1kQVBlQJr2anf\n+kZVtqAqeT+uq7XA09ZAFY/a0zn9UpqEb9capXIdk6jAX3EnR8zmmbjl2NI69Lwr\n29NE2bWPIbeDz+X4C7wDUzaydJAdxI9O0vJ0c6ffAoGAC/VQYU/HHbUKYTYUkA27\nFLcXGyh1HuU56fkladOASOPKycw8qROFDGtb07+aIoCPm6dbuPdEdFcbPGYYqnIh\nUXJ1fBkj0KkUlMjg48M3jiPV/J9tB7RtOQQ65OdYmQvPMdSt3ZtgVwgN0xUTbIAe\nyyBQ0X7VUXG1HHdlhMFicMc=\n-----END PRIVATE KEY-----\n",
            "public_key_fingerprint_md5": "0d:b8:92:fb:12:7a:2a:55:d6:f4:d4:9a:33:3a:da:04",
            "public_key_fingerprint_sha256": "SHA256:Nx7/6u7pInAF7n1Y75sSb21gLxI/ZuCIVUAYPHucnEU",
            "public_key_openssh": "ssh-rsa AAAAB3NzaC1yc2EAAAADAQABAAABAQCqh8hCIs7IB6uGvuHkoz8oDlE/3In4jyXVS0RusdJXn+xVQeidB9iEInLSUMTIGaGNbTACmqWp8elLYxXpu1YKF8L2WBQsref5WNBamO5dj3qOWkDo73Lk4YuHLJpOCFSOTEt6esdN6WSweuhLepP0HbJzRWvnAsGQCeIhKnpDb9iZ6cPWND5ABZz5fhehher8W2kfhACiNXmiQAsPINg0Y9RHO8rtsnWO7nn7XMUJyvWDO4caX9lEwovdNIoS+uoFRKtLfRkFlVYRqykC/oHuLjKmZ/f8GAE+EZiKSJAkJ6Evd5EmgsTViQNTmQq77wHIQFAISEXt+MJc0lUr8zOH\n",
            "public_key_pem": "-----BEGIN PUBLIC KEY-----\nMIIBIjANBgkqhkiG9w0BAQEFAAOCAQ8AMIIBCgKCAQEAqofIQiLOyAerhr7h5KM/\nKA5RP9yJ+I8l1UtEbrHSV5/sVUHonQfYhCJy0lDEyBmhjW0wApqlqfHpS2MV6btW\nChfC9lgULK3n+VjQWpjuXY96jlpA6O9y5OGLhyyaTghUjkxLenrHTelksHroS3qT\n9B2yc0Vr5wLBkAniISp6Q2/YmenD1jQ+QAWc+X4XoYXq/FtpH4QAojV5okALDyDY\nNGPURzvK7bJ1ju55+1zFCcr1gzuHGl/ZRMKL3TSKEvrqBUSrS30ZBZVWEaspAv6B\n7i4ypmf3/BgBPhGYikiQJCehL3eRJoLE1YkDU5kKu+8ByEBQCEhF7fjCXNJVK/Mz\nhwIDAQAB\n-----END PUBLIC KEY-----\n",
            "rsa_bits": 2048
          },
          "sensitive_attributes": [
            [
              {
                "type": "get_attr",
                "value": "private_key_openssh"
              }
            ],
            [
              {
                "type": "get_attr",
                "value": "private_key_pem"
              }
            ],
            [
              {
                "type": "get_attr",
                "value": "private_key_pem_pkcs8"
              }
            ]
          ],
          "identity_schema_version": 0
        }
      ]
    }
  ],
  "check_results": null
}
